{
  "version": 4,
  "terraform_version": "1.15.4",
  "serial": 46,
  "lineage": "4811411f-0e50-8cec-2dc2-3ea2740e646e",
  "outputs": {
    "alexandrie_bucket": {
      "value": "gen-lang-client-0625573011-alexandrie-vault",
      "type": "string"
    },
    "alexandrie_url": {
      "value": "https://alexandrie-vault-cfhmhmvv5a-uc.a.run.app",
      "type": "string"
    },
    "checkpoint_bucket": {
      "value": "gen-lang-client-0625573011-agora-checkpoints",
      "type": "string"
    },
    "euler_url": {
      "value": "https://euler-agent-cfhmhmvv5a-uc.a.run.app",
      "type": "string"
    },
    "galileo_url": {
      "value": "https://galileo-agent-cfhmhmvv5a-uc.a.run.app",
      "type": "string"
    },
    "galois_url": {
      "value": "https://galois-agent-cfhmhmvv5a-uc.a.run.app",
      "type": "string"
    },
    "hypatie_url": {
      "value": "https://hypatie-agent-cfhmhmvv5a-uc.a.run.app",
      "type": "string"
    },
    "socrates_url": {
      "value": "https://socrates-agent-cfhmhmvv5a-uc.a.run.app",
      "type": "string"
    }
  },
  "resources": [
    {
      "mode": "managed",
      "type": "google_project_iam_member",
      "name": "agora_roles",
      "provider": "provider[\"registry.terraform.io/hashicorp/google\"]",
      "instances": [
        {
          "index_key": "roles/aiplatform.user",
          "schema_version": 0,
          "attributes": {
            "condition": [],
            "etag": "BwZTXEciwD0=",
            "id": "gen-lang-client-0625573011/roles/aiplatform.user/serviceAccount:socrateai-agora@gen-lang-client-0625573011.iam.gserviceaccount.com",
            "member": "serviceAccount:socrateai-agora@gen-lang-client-0625573011.iam.gserviceaccount.com",
            "project": "gen-lang-client-0625573011",
            "role": "roles/aiplatform.user"
          },
          "sensitive_attributes": [],
          "identity_schema_version": 0,
          "private": "bnVsbA==",
          "dependencies": [
            "google_service_account.agora"
          ]
        },
        {
          "index_key": "roles/datastore.user",
          "schema_version": 0,
          "attributes": {
            "condition": [],
            "etag": "BwZTXEciwD0=",
            "id": "gen-lang-client-0625573011/roles/datastore.user/serviceAccount:socrateai-agora@gen-lang-client-0625573011.iam.gserviceaccount.com",
            "member": "serviceAccount:socrateai-agora@gen-lang-client-0625573011.iam.gserviceaccount.com",
            "project": "gen-lang-client-0625573011",
            "role": "roles/datastore.user"
          },
          "sensitive_attributes": [],
          "identity_schema_version": 0,
          "private": "bnVsbA==",
          "dependencies": [
            "google_service_account.agora"
          ]
        },
        {
          "index_key": "roles/monitoring.metricWriter",
          "schema_version": 0,
          "attributes": {
            "condition": [],
            "etag": "BwZTXEciwD0=",
            "id": "gen-lang-client-0625573011/roles/monitoring.metricWriter/serviceAccount:socrateai-agora@gen-lang-client-0625573011.iam.gserviceaccount.com",
            "member": "serviceAccount:socrateai-agora@gen-lang-client-0625573011.iam.gserviceaccount.com",
            "project": "gen-lang-client-0625573011",
            "role": "roles/monitoring.metricWriter"
          },
          "sensitive_attributes": [],
          "identity_schema_version": 0,
          "private": "bnVsbA==",
          "dependencies": [
            "google_service_account.agora"
          ]
        },
        {
          "index_key": "roles/pubsub.publisher",
          "schema_version": 0,
          "attributes": {
            "condition": [],
            "etag": "BwZTXEciwD0=",
            "id": "gen-lang-client-0625573011/roles/pubsub.publisher/serviceAccount:socrateai-agora@gen-lang-client-0625573011.iam.gserviceaccount.com",
            "member": "serviceAccount:socrateai-agora@gen-lang-client-0625573011.iam.gserviceaccount.com",
            "project": "gen-lang-client-0625573011",
            "role": "roles/pubsub.publisher"
          },
          "sensitive_attributes": [],
          "identity_schema_version": 0,
          "private": "bnVsbA==",
          "dependencies": [
            "google_service_account.agora"
          ]
        },
        {
          "index_key": "roles/run.invoker",
          "schema_version": 0,
          "attributes": {
            "condition": [],
            "etag": "BwZTXEciwD0=",
            "id": "gen-lang-client-0625573011/roles/run.invoker/serviceAccount:socrateai-agora@gen-lang-client-0625573011.iam.gserviceaccount.com",
            "member": "serviceAccount:socrateai-agora@gen-lang-client-0625573011.iam.gserviceaccount.com",
            "project": "gen-lang-client-0625573011",
            "role": "roles/run.invoker"
          },
          "sensitive_attributes": [],
          "identity_schema_version": 0,
          "private": "bnVsbA==",
          "dependencies": [
            "google_service_account.agora"
          ]
        },
        {
          "index_key": "roles/storage.objectAdmin",
          "schema_version": 0,
          "attributes": {
            "condition": [],
            "etag": "BwZTXEciwD0=",
            "id": "gen-lang-client-0625573011/roles/storage.objectAdmin/serviceAccount:socrateai-agora@gen-lang-client-0625573011.iam.gserviceaccount.com",
            "member": "serviceAccount:socrateai-agora@gen-lang-client-0625573011.iam.gserviceaccount.com",
            "project": "gen-lang-client-0625573011",
            "role": "roles/storage.objectAdmin"
          },
          "sensitive_attributes": [],
          "identity_schema_version": 0,
          "private": "bnVsbA==",
          "dependencies": [
            "google_service_account.agora"
          ]
        }
      ]
    },
    {
      "mode": "managed",
      "type": "google_project_service",
      "name": "apis",
      "provider": "provider[\"registry.terraform.io/hashicorp/google\"]",
      "instances": [
        {
          "index_key": "aiplatform.googleapis.com",
          "schema_version": 0,
          "attributes": {
            "disable_dependent_services": false,
            "disable_on_destroy": false,
            "id": "gen-lang-client-0625573011/aiplatform.googleapis.com",
            "project": "gen-lang-client-0625573011",
            "service": "aiplatform.googleapis.com",
            "timeouts": null
          },
          "sensitive_attributes": [],
          "identity_schema_version": 0,
          "private": "eyJlMmJmYjczMC1lY2FhLTExZTYtOGY4OC0zNDM2M2JjN2M0YzAiOnsiY3JlYXRlIjoxMjAwMDAwMDAwMDAwLCJkZWxldGUiOjEyMDAwMDAwMDAwMDAsInJlYWQiOjYwMDAwMDAwMDAwMCwidXBkYXRlIjoxMjAwMDAwMDAwMDAwfX0="
        },
        {
          "index_key": "artifactregistry.googleapis.com",
          "schema_version": 0,
          "attributes": {
            "disable_dependent_services": false,
            "disable_on_destroy": false,
            "id": "gen-lang-client-0625573011/artifactregistry.googleapis.com",
            "project": "gen-lang-client-0625573011",
            "service": "artifactregistry.googleapis.com",
            "timeouts": null
          },
          "sensitive_attributes": [],
          "identity_schema_version": 0,
          "private": "eyJlMmJmYjczMC1lY2FhLTExZTYtOGY4OC0zNDM2M2JjN2M0YzAiOnsiY3JlYXRlIjoxMjAwMDAwMDAwMDAwLCJkZWxldGUiOjEyMDAwMDAwMDAwMDAsInJlYWQiOjYwMDAwMDAwMDAwMCwidXBkYXRlIjoxMjAwMDAwMDAwMDAwfX0="
        },
        {
          "index_key": "billingbudgets.googleapis.com",
          "schema_version": 0,
          "attributes": {
            "disable_dependent_services": false,
            "disable_on_destroy": false,
            "id": "gen-lang-client-0625573011/billingbudgets.googleapis.com",
            "project": "gen-lang-client-0625573011",
            "service": "billingbudgets.googleapis.com",
            "timeouts": null
          },
          "sensitive_attributes": [],
          "identity_schema_version": 0,
          "private": "eyJlMmJmYjczMC1lY2FhLTExZTYtOGY4OC0zNDM2M2JjN2M0YzAiOnsiY3JlYXRlIjoxMjAwMDAwMDAwMDAwLCJkZWxldGUiOjEyMDAwMDAwMDAwMDAsInJlYWQiOjYwMDAwMDAwMDAwMCwidXBkYXRlIjoxMjAwMDAwMDAwMDAwfX0="
        },
        {
          "index_key": "cloudbuild.googleapis.com",
          "schema_version": 0,
          "attributes": {
            "disable_dependent_services": false,
            "disable_on_destroy": false,
            "id": "gen-lang-client-0625573011/cloudbuild.googleapis.com",
            "project": "gen-lang-client-0625573011",
            "service": "cloudbuild.googleapis.com",
            "timeouts": null
          },
          "sensitive_attributes": [],
          "identity_schema_version": 0,
          "private": "eyJlMmJmYjczMC1lY2FhLTExZTYtOGY4OC0zNDM2M2JjN2M0YzAiOnsiY3JlYXRlIjoxMjAwMDAwMDAwMDAwLCJkZWxldGUiOjEyMDAwMDAwMDAwMDAsInJlYWQiOjYwMDAwMDAwMDAwMCwidXBkYXRlIjoxMjAwMDAwMDAwMDAwfX0="
        },
        {
          "index_key": "cloudfunctions.googleapis.com",
          "schema_version": 0,
          "attributes": {
            "disable_dependent_services": false,
            "disable_on_destroy": false,
            "id": "gen-lang-client-0625573011/cloudfunctions.googleapis.com",
            "project": "gen-lang-client-0625573011",
            "service": "cloudfunctions.googleapis.com",
            "timeouts": null
          },
          "sensitive_attributes": [],
          "identity_schema_version": 0,
          "private": "eyJlMmJmYjczMC1lY2FhLTExZTYtOGY4OC0zNDM2M2JjN2M0YzAiOnsiY3JlYXRlIjoxMjAwMDAwMDAwMDAwLCJkZWxldGUiOjEyMDAwMDAwMDAwMDAsInJlYWQiOjYwMDAwMDAwMDAwMCwidXBkYXRlIjoxMjAwMDAwMDAwMDAwfX0="
        },
        {
          "index_key": "firestore.googleapis.com",
          "schema_version": 0,
          "attributes": {
            "disable_dependent_services": false,
            "disable_on_destroy": false,
            "id": "gen-lang-client-0625573011/firestore.googleapis.com",
            "project": "gen-lang-client-0625573011",
            "service": "firestore.googleapis.com",
            "timeouts": null
          },
          "sensitive_attributes": [],
          "identity_schema_version": 0,
          "private": "eyJlMmJmYjczMC1lY2FhLTExZTYtOGY4OC0zNDM2M2JjN2M0YzAiOnsiY3JlYXRlIjoxMjAwMDAwMDAwMDAwLCJkZWxldGUiOjEyMDAwMDAwMDAwMDAsInJlYWQiOjYwMDAwMDAwMDAwMCwidXBkYXRlIjoxMjAwMDAwMDAwMDAwfX0="
        },
        {
          "index_key": "monitoring.googleapis.com",
          "schema_version": 0,
          "attributes": {
            "disable_dependent_services": false,
            "disable_on_destroy": false,
            "id": "gen-lang-client-0625573011/monitoring.googleapis.com",
            "project": "gen-lang-client-0625573011",
            "service": "monitoring.googleapis.com",
            "timeouts": null
          },
          "sensitive_attributes": [],
          "identity_schema_version": 0,
          "private": "eyJlMmJmYjczMC1lY2FhLTExZTYtOGY4OC0zNDM2M2JjN2M0YzAiOnsiY3JlYXRlIjoxMjAwMDAwMDAwMDAwLCJkZWxldGUiOjEyMDAwMDAwMDAwMDAsInJlYWQiOjYwMDAwMDAwMDAwMCwidXBkYXRlIjoxMjAwMDAwMDAwMDAwfX0="
        },
        {
          "index_key": "pubsub.googleapis.com",
          "schema_version": 0,
          "attributes": {
            "disable_dependent_services": false,
            "disable_on_destroy": false,
            "id": "gen-lang-client-0625573011/pubsub.googleapis.com",
            "project": "gen-lang-client-0625573011",
            "service": "pubsub.googleapis.com",
            "timeouts": null
          },
          "sensitive_attributes": [],
          "identity_schema_version": 0,
          "private": "eyJlMmJmYjczMC1lY2FhLTExZTYtOGY4OC0zNDM2M2JjN2M0YzAiOnsiY3JlYXRlIjoxMjAwMDAwMDAwMDAwLCJkZWxldGUiOjEyMDAwMDAwMDAwMDAsInJlYWQiOjYwMDAwMDAwMDAwMCwidXBkYXRlIjoxMjAwMDAwMDAwMDAwfX0="
        },
        {
          "index_key": "run.googleapis.com",
          "schema_version": 0,
          "attributes": {
            "disable_dependent_services": false,
            "disable_on_destroy": false,
            "id": "gen-lang-client-0625573011/run.googleapis.com",
            "project": "gen-lang-client-0625573011",
            "service": "run.googleapis.com",
            "timeouts": null
          },
          "sensitive_attributes": [],
          "identity_schema_version": 0,
          "private": "eyJlMmJmYjczMC1lY2FhLTExZTYtOGY4OC0zNDM2M2JjN2M0YzAiOnsiY3JlYXRlIjoxMjAwMDAwMDAwMDAwLCJkZWxldGUiOjEyMDAwMDAwMDAwMDAsInJlYWQiOjYwMDAwMDAwMDAwMCwidXBkYXRlIjoxMjAwMDAwMDAwMDAwfX0="
        },
        {
          "index_key": "storage.googleapis.com",
          "schema_version": 0,
          "attributes": {
            "disable_dependent_services": false,
            "disable_on_destroy": false,
            "id": "gen-lang-client-0625573011/storage.googleapis.com",
            "project": "gen-lang-client-0625573011",
            "service": "storage.googleapis.com",
            "timeouts": null
          },
          "sensitive_attributes": [],
          "identity_schema_version": 0,
          "private": "eyJlMmJmYjczMC1lY2FhLTExZTYtOGY4OC0zNDM2M2JjN2M0YzAiOnsiY3JlYXRlIjoxMjAwMDAwMDAwMDAwLCJkZWxldGUiOjEyMDAwMDAwMDAwMDAsInJlYWQiOjYwMDAwMDAwMDAwMCwidXBkYXRlIjoxMjAwMDAwMDAwMDAwfX0="
        }
      ]
    },
    {
      "mode": "managed",
      "type": "google_service_account",
      "name": "agora",
      "provider": "provider[\"registry.terraform.io/hashicorp/google\"]",
      "instances": [
        {
          "schema_version": 0,
          "attributes": {
            "account_id": "socrateai-agora",
            "create_ignore_already_exists": null,
            "description": "",
            "disabled": false,
            "display_name": "SocrateAI Scientific Agora Service Account",
            "email": "socrateai-agora@gen-lang-client-0625573011.iam.gserviceaccount.com",
            "id": "projects/gen-lang-client-0625573011/serviceAccounts/socrateai-agora@gen-lang-client-0625573011.iam.gserviceaccount.com",
            "member": "serviceAccount:socrateai-agora@gen-lang-client-0625573011.iam.gserviceaccount.com",
            "name": "projects/gen-lang-client-0625573011/serviceAccounts/socrateai-agora@gen-lang-client-0625573011.iam.gserviceaccount.com",
            "project": "gen-lang-client-0625573011",
            "timeouts": null,
            "unique_id": "106606174412146888230"
          },
          "sensitive_attributes": [],
          "identity_schema_version": 0,
          "private": "eyJlMmJmYjczMC1lY2FhLTExZTYtOGY4OC0zNDM2M2JjN2M0YzAiOnsiY3JlYXRlIjozMDAwMDAwMDAwMDB9fQ=="
        }
      ]
    },
    {
      "module": "module.agent_fleet",
      "mode": "managed",
      "type": "google_cloud_run_v2_service",
      "name": "fleet_agents",
      "provider": "provider[\"registry.terraform.io/hashicorp/google\"]",
      "instances": [
        {
          "index_key": "euler",
          "status": "tainted",
          "schema_version": 0,
          "attributes": {
            "annotations": null,
            "binary_authorization": [],
            "client": null,
            "client_version": null,
            "conditions": null,
            "create_time": null,
            "creator": null,
            "custom_audiences": null,
            "delete_time": null,
            "description": null,
            "effective_annotations": null,
            "effective_labels": {
              "agent": "euler",
              "app": "socrateai-agora",
              "patent": "us-pat-pend-2026-0525"
            },
            "etag": null,
            "expire_time": null,
            "generation": null,
            "id": "projects/gen-lang-client-0625573011/locations/us-central1/services/euler-agent",
            "ingress": "INGRESS_TRAFFIC_INTERNAL_ONLY",
            "labels": {
              "agent": "euler",
              "app": "socrateai-agora",
              "patent": "us-pat-pend-2026-0525"
            },
            "last_modifier": null,
            "latest_created_revision": null,
            "latest_ready_revision": null,
            "launch_stage": null,
            "location": "us-central1",
            "name": "euler-agent",
            "observed_generation": null,
            "project": "gen-lang-client-0625573011",
            "reconciling": null,
            "template": [
              {
                "annotations": null,
                "containers": [
                  {
                    "args": [
                      "agents.euler.server"
                    ],
                    "command": null,
                    "depends_on": null,
                    "env": [
                      {
                        "name": "AGENT_NAME",
                        "value": "euler",
                        "value_source": []
                      },
                      {
                        "name": "AGENT_MODULE",
                        "value": "agents.euler.server",
                        "value_source": []
                      },
                      {
                        "name": "BUDGET_LIMIT",
                        "value": "100",
                        "value_source": []
                      },
                      {
                        "name": "PROJECT_BUDGET",
                        "value": "500",
                        "value_source": []
                      },
                      {
                        "name": "ALEXANDRIE_API_URL",
                        "value": "https://alexandrie-vault-cfhmhmvv5a-uc.a.run.app",
                        "value_source": []
                      },
                      {
                        "name": "OIDC_ENABLED",
                        "value": "1",
                        "value_source": []
                      },
                      {
                        "name": "FIRESTORE_ENABLED",
                        "value": "1",
                        "value_source": []
                      }
                    ],
                    "image": "us-central1-docker.pkg.dev/gen-lang-client-0625573011/agora/euler:latest",
                    "liveness_probe": [
                      {
                        "failure_threshold": 3,
                        "grpc": [],
                        "http_get": [
                          {
                            "http_headers": [],
                            "path": "/health",
                            "port": 0
                          }
                        ],
                        "initial_delay_seconds": 0,
                        "period_seconds": 30,
                        "tcp_socket": [],
                        "timeout_seconds": 1
                      }
                    ],
                    "name": "",
                    "ports": [
                      {
                        "container_port": 8080,
                        "name": ""
                      }
                    ],
                    "resources": [
                      {
                        "cpu_idle": true,
                        "limits": {
                          "cpu": "2",
                          "memory": "4Gi"
                        },
                        "startup_cpu_boost": false
                      }
                    ],
                    "startup_probe": [
                      {
                        "failure_threshold": 3,
                        "grpc": [],
                        "http_get": [
                          {
                            "http_headers": [],
                            "path": "/health",
                            "port": 0
                          }
                        ],
                        "initial_delay_seconds": 5,
                        "period_seconds": 10,
                        "tcp_socket": [],
                        "timeout_seconds": 1
                      }
                    ],
                    "volume_mounts": [],
                    "working_dir": ""
                  }
                ],
                "encryption_key": "",
                "execution_environment": "",
                "labels": null,
                "max_instance_request_concurrency": 0,
                "revision": "",
                "scaling": [
                  {
                    "max_instance_count": 2,
                    "min_instance_count": 0
                  }
                ],
                "service_account": "socrateai-agora@gen-lang-client-0625573011.iam.gserviceaccount.com",
                "session_affinity": false,
                "timeout": "3600s",
                "volumes": [],
                "vpc_access": []
              }
            ],
            "terminal_condition": null,
            "terraform_labels": {
              "agent": "euler",
              "app": "socrateai-agora",
              "patent": "us-pat-pend-2026-0525"
            },
            "timeouts": null,
            "traffic": [
              {
                "percent": 100,
                "revision": "",
                "tag": "",
                "type": "TRAFFIC_TARGET_ALLOCATION_TYPE_LATEST"
              }
            ],
            "traffic_statuses": null,
            "uid": null,
            "update_time": null,
            "uri": null
          },
          "sensitive_attributes": [],
          "identity_schema_version": 0,
          "private": "eyJlMmJmYjczMC1lY2FhLTExZTYtOGY4OC0zNDM2M2JjN2M0YzAiOnsiY3JlYXRlIjoxMjAwMDAwMDAwMDAwLCJkZWxldGUiOjEyMDAwMDAwMDAwMDAsInVwZGF0ZSI6MTIwMDAwMDAwMDAwMH19",
          "dependencies": [
            "google_service_account.agora",
            "module.alexandrie_service.google_cloud_run_v2_service.agent",
            "module.alexandrie_service.google_cloud_run_v2_service_iam_binding.agent_invoker"
          ]
        },
        {
          "index_key": "galois",
          "status": "tainted",
          "schema_version": 0,
          "attributes": {
            "annotations": null,
            "binary_authorization": [],
            "client": null,
            "client_version": null,
            "conditions": null,
            "create_time": null,
            "creator": null,
            "custom_audiences": null,
            "delete_time": null,
            "description": null,
            "effective_annotations": null,
            "effective_labels": {
              "agent": "galois",
              "app": "socrateai-agora",
              "patent": "us-pat-pend-2026-0525"
            },
            "etag": null,
            "expire_time": null,
            "generation": null,
            "id": "projects/gen-lang-client-0625573011/locations/us-central1/services/galois-agent",
            "ingress": "INGRESS_TRAFFIC_INTERNAL_ONLY",
            "labels": {
              "agent": "galois",
              "app": "socrateai-agora",
              "patent": "us-pat-pend-2026-0525"
            },
            "last_modifier": null,
            "latest_created_revision": null,
            "latest_ready_revision": null,
            "launch_stage": null,
            "location": "us-central1",
            "name": "galois-agent",
            "observed_generation": null,
            "project": "gen-lang-client-0625573011",
            "reconciling": null,
            "template": [
              {
                "annotations": null,
                "containers": [
                  {
                    "args": [
                      "agents.galois.server"
                    ],
                    "command": null,
                    "depends_on": null,
                    "env": [
                      {
                        "name": "AGENT_NAME",
                        "value": "galois",
                        "value_source": []
                      },
                      {
                        "name": "AGENT_MODULE",
                        "value": "agents.galois.server",
                        "value_source": []
                      },
                      {
                        "name": "BUDGET_LIMIT",
                        "value": "100",
                        "value_source": []
                      },
                      {
                        "name": "PROJECT_BUDGET",
                        "value": "500",
                        "value_source": []
                      },
                      {
                        "name": "ALEXANDRIE_API_URL",
                        "value": "https://alexandrie-vault-cfhmhmvv5a-uc.a.run.app",
                        "value_source": []
                      },
                      {
                        "name": "OIDC_ENABLED",
                        "value": "1",
                        "value_source": []
                      },
                      {
                        "name": "FIRESTORE_ENABLED",
                        "value": "1",
                        "value_source": []
                      }
                    ],
                    "image": "us-central1-docker.pkg.dev/gen-lang-client-0625573011/agora/galois:latest",
                    "liveness_probe": [
                      {
                        "failure_threshold": 3,
                        "grpc": [],
                        "http_get": [
                          {
                            "http_headers": [],
                            "path": "/health",
                            "port": 0
                          }
                        ],
                        "initial_delay_seconds": 0,
                        "period_seconds": 30,
                        "tcp_socket": [],
                        "timeout_seconds": 1
                      }
                    ],
                    "name": "",
                    "ports": [
                      {
                        "container_port": 8080,
                        "name": ""
                      }
                    ],
                    "resources": [
                      {
                        "cpu_idle": true,
                        "limits": {
                          "cpu": "8",
                          "memory": "16Gi"
                        },
                        "startup_cpu_boost": false
                      }
                    ],
                    "startup_probe": [
                      {
                        "failure_threshold": 3,
                        "grpc": [],
                        "http_get": [
                          {
                            "http_headers": [],
                            "path": "/health",
                            "port": 0
                          }
                        ],
                        "initial_delay_seconds": 5,
                        "period_seconds": 10,
                        "tcp_socket": [],
                        "timeout_seconds": 1
                      }
                    ],
                    "volume_mounts": [],
                    "working_dir": ""
                  }
                ],
                "encryption_key": "",
                "execution_environment": "",
                "labels": null,
                "max_instance_request_concurrency": 0,
                "revision": "",
                "scaling": [
                  {
                    "max_instance_count": 4,
                    "min_instance_count": 0
                  }
                ],
                "service_account": "socrateai-agora@gen-lang-client-0625573011.iam.gserviceaccount.com",
                "session_affinity": false,
                "timeout": "3600s",
                "volumes": [],
                "vpc_access": []
              }
            ],
            "terminal_condition": null,
            "terraform_labels": {
              "agent": "galois",
              "app": "socrateai-agora",
              "patent": "us-pat-pend-2026-0525"
            },
            "timeouts": null,
            "traffic": [
              {
                "percent": 100,
                "revision": "",
                "tag": "",
                "type": "TRAFFIC_TARGET_ALLOCATION_TYPE_LATEST"
              }
            ],
            "traffic_statuses": null,
            "uid": null,
            "update_time": null,
            "uri": null
          },
          "sensitive_attributes": [],
          "identity_schema_version": 0,
          "private": "eyJlMmJmYjczMC1lY2FhLTExZTYtOGY4OC0zNDM2M2JjN2M0YzAiOnsiY3JlYXRlIjoxMjAwMDAwMDAwMDAwLCJkZWxldGUiOjEyMDAwMDAwMDAwMDAsInVwZGF0ZSI6MTIwMDAwMDAwMDAwMH19",
          "dependencies": [
            "google_service_account.agora",
            "module.alexandrie_service.google_cloud_run_v2_service.agent",
            "module.alexandrie_service.google_cloud_run_v2_service_iam_binding.agent_invoker"
          ]
        },
        {
          "index_key": "heraclite",
          "status": "tainted",
          "schema_version": 0,
          "attributes": {
            "annotations": null,
            "binary_authorization": [],
            "client": null,
            "client_version": null,
            "conditions": null,
            "create_time": null,
            "creator": null,
            "custom_audiences": null,
            "delete_time": null,
            "description": null,
            "effective_annotations": null,
            "effective_labels": {
              "agent": "heraclite",
              "app": "socrateai-agora",
              "patent": "us-pat-pend-2026-0525"
            },
            "etag": null,
            "expire_time": null,
            "generation": null,
            "id": "projects/gen-lang-client-0625573011/locations/us-central1/services/heraclite-agent",
            "ingress": "INGRESS_TRAFFIC_INTERNAL_ONLY",
            "labels": {
              "agent": "heraclite",
              "app": "socrateai-agora",
              "patent": "us-pat-pend-2026-0525"
            },
            "last_modifier": null,
            "latest_created_revision": null,
            "latest_ready_revision": null,
            "launch_stage": null,
            "location": "us-central1",
            "name": "heraclite-agent",
            "observed_generation": null,
            "project": "gen-lang-client-0625573011",
            "reconciling": null,
            "template": [
              {
                "annotations": null,
                "containers": [
                  {
                    "args": [
                      "agents.heraclite.server"
                    ],
                    "command": null,
                    "depends_on": null,
                    "env": [
                      {
                        "name": "AGENT_NAME",
                        "value": "heraclite",
                        "value_source": []
                      },
                      {
                        "name": "AGENT_MODULE",
                        "value": "agents.heraclite.server",
                        "value_source": []
                      },
                      {
                        "name": "BUDGET_LIMIT",
                        "value": "100",
                        "value_source": []
                      },
                      {
                        "name": "PROJECT_BUDGET",
                        "value": "500",
                        "value_source": []
                      },
                      {
                        "name": "ALEXANDRIE_API_URL",
                        "value": "https://alexandrie-vault-cfhmhmvv5a-uc.a.run.app",
                        "value_source": []
                      },
                      {
                        "name": "OIDC_ENABLED",
                        "value": "1",
                        "value_source": []
                      },
                      {
                        "name": "FIRESTORE_ENABLED",
                        "value": "1",
                        "value_source": []
                      }
                    ],
                    "image": "us-central1-docker.pkg.dev/gen-lang-client-0625573011/agora/heraclite:latest",
                    "liveness_probe": [
                      {
                        "failure_threshold": 3,
                        "grpc": [],
                        "http_get": [
                          {
                            "http_headers": [],
                            "path": "/health",
                            "port": 0
                          }
                        ],
                        "initial_delay_seconds": 0,
                        "period_seconds": 30,
                        "tcp_socket": [],
                        "timeout_seconds": 1
                      }
                    ],
                    "name": "",
                    "ports": [
                      {
                        "container_port": 8080,
                        "name": ""
                      }
                    ],
                    "resources": [
                      {
                        "cpu_idle": true,
                        "limits": {
                          "cpu": "2",
                          "memory": "4Gi"
                        },
                        "startup_cpu_boost": false
                      }
                    ],
                    "startup_probe": [
                      {
                        "failure_threshold": 3,
                        "grpc": [],
                        "http_get": [
                          {
                            "http_headers": [],
                            "path": "/health",
                            "port": 0
                          }
                        ],
                        "initial_delay_seconds": 5,
                        "period_seconds": 10,
                        "tcp_socket": [],
                        "timeout_seconds": 1
                      }
                    ],
                    "volume_mounts": [],
                    "working_dir": ""
                  }
                ],
                "encryption_key": "",
                "execution_environment": "",
                "labels": null,
                "max_instance_request_concurrency": 0,
                "revision": "",
                "scaling": [
                  {
                    "max_instance_count": 2,
                    "min_instance_count": 0
                  }
                ],
                "service_account": "socrateai-agora@gen-lang-client-0625573011.iam.gserviceaccount.com",
                "session_affinity": false,
                "timeout": "3600s",
                "volumes": [],
                "vpc_access": []
              }
            ],
            "terminal_condition": null,
            "terraform_labels": {
              "agent": "heraclite",
              "app": "socrateai-agora",
              "patent": "us-pat-pend-2026-0525"
            },
            "timeouts": null,
            "traffic": [
              {
                "percent": 100,
                "revision": "",
                "tag": "",
                "type": "TRAFFIC_TARGET_ALLOCATION_TYPE_LATEST"
              }
            ],
            "traffic_statuses": null,
            "uid": null,
            "update_time": null,
            "uri": null
          },
          "sensitive_attributes": [],
          "identity_schema_version": 0,
          "private": "eyJlMmJmYjczMC1lY2FhLTExZTYtOGY4OC0zNDM2M2JjN2M0YzAiOnsiY3JlYXRlIjoxMjAwMDAwMDAwMDAwLCJkZWxldGUiOjEyMDAwMDAwMDAwMDAsInVwZGF0ZSI6MTIwMDAwMDAwMDAwMH19",
          "dependencies": [
            "google_service_account.agora",
            "module.alexandrie_service.google_cloud_run_v2_service.agent",
            "module.alexandrie_service.google_cloud_run_v2_service_iam_binding.agent_invoker"
          ]
        },
        {
          "index_key": "hypatie",
          "status": "tainted",
          "schema_version": 0,
          "attributes": {
            "annotations": null,
            "binary_authorization": [],
            "client": null,
            "client_version": null,
            "conditions": null,
            "create_time": null,
            "creator": null,
            "custom_audiences": null,
            "delete_time": null,
            "description": null,
            "effective_annotations": null,
            "effective_labels": {
              "agent": "hypatie",
              "app": "socrateai-agora",
              "patent": "us-pat-pend-2026-0525"
            },
            "etag": null,
            "expire_time": null,
            "generation": null,
            "id": "projects/gen-lang-client-0625573011/locations/us-central1/services/hypatie-agent",
            "ingress": "INGRESS_TRAFFIC_INTERNAL_ONLY",
            "labels": {
              "agent": "hypatie",
              "app": "socrateai-agora",
              "patent": "us-pat-pend-2026-0525"
            },
            "last_modifier": null,
            "latest_created_revision": null,
            "latest_ready_revision": null,
            "launch_stage": null,
            "location": "us-central1",
            "name": "hypatie-agent",
            "observed_generation": null,
            "project": "gen-lang-client-0625573011",
            "reconciling": null,
            "template": [
              {
                "annotations": null,
                "containers": [
                  {
                    "args": [
                      "agents.hypatie.server"
                    ],
                    "command": null,
                    "depends_on": null,
                    "env": [
                      {
                        "name": "AGENT_NAME",
                        "value": "hypatie",
                        "value_source": []
                      },
                      {
                        "name": "AGENT_MODULE",
                        "value": "agents.hypatie.server",
                        "value_source": []
                      },
                      {
                        "name": "BUDGET_LIMIT",
                        "value": "100",
                        "value_source": []
                      },
                      {
                        "name": "PROJECT_BUDGET",
                        "value": "500",
                        "value_source": []
                      },
                      {
                        "name": "ALEXANDRIE_API_URL",
                        "value": "https://alexandrie-vault-cfhmhmvv5a-uc.a.run.app",
                        "value_source": []
                      },
                      {
                        "name": "OIDC_ENABLED",
                        "value": "1",
                        "value_source": []
                      },
                      {
                        "name": "FIRESTORE_ENABLED",
                        "value": "1",
                        "value_source": []
                      }
                    ],
                    "image": "us-central1-docker.pkg.dev/gen-lang-client-0625573011/agora/hypatie:latest",
                    "liveness_probe": [
                      {
                        "failure_threshold": 3,
                        "grpc": [],
                        "http_get": [
                          {
                            "http_headers": [],
                            "path": "/health",
                            "port": 0
                          }
                        ],
                        "initial_delay_seconds": 0,
                        "period_seconds": 30,
                        "tcp_socket": [],
                        "timeout_seconds": 1
                      }
                    ],
                    "name": "",
                    "ports": [
                      {
                        "container_port": 8080,
                        "name": ""
                      }
                    ],
                    "resources": [
                      {
                        "cpu_idle": true,
                        "limits": {
                          "cpu": "2",
                          "memory": "4Gi"
                        },
                        "startup_cpu_boost": false
                      }
                    ],
                    "startup_probe": [
                      {
                        "failure_threshold": 3,
                        "grpc": [],
                        "http_get": [
                          {
                            "http_headers": [],
                            "path": "/health",
                            "port": 0
                          }
                        ],
                        "initial_delay_seconds": 5,
                        "period_seconds": 10,
                        "tcp_socket": [],
                        "timeout_seconds": 1
                      }
                    ],
                    "volume_mounts": [],
                    "working_dir": ""
                  }
                ],
                "encryption_key": "",
                "execution_environment": "",
                "labels": null,
                "max_instance_request_concurrency": 0,
                "revision": "",
                "scaling": [
                  {
                    "max_instance_count": 2,
                    "min_instance_count": 0
                  }
                ],
                "service_account": "socrateai-agora@gen-lang-client-0625573011.iam.gserviceaccount.com",
                "session_affinity": false,
                "timeout": "3600s",
                "volumes": [],
                "vpc_access": []
              }
            ],
            "terminal_condition": null,
            "terraform_labels": {
              "agent": "hypatie",
              "app": "socrateai-agora",
              "patent": "us-pat-pend-2026-0525"
            },
            "timeouts": null,
            "traffic": [
              {
                "percent": 100,
                "revision": "",
                "tag": "",
                "type": "TRAFFIC_TARGET_ALLOCATION_TYPE_LATEST"
              }
            ],
            "traffic_statuses": null,
            "uid": null,
            "update_time": null,
            "uri": null
          },
          "sensitive_attributes": [],
          "identity_schema_version": 0,
          "private": "eyJlMmJmYjczMC1lY2FhLTExZTYtOGY4OC0zNDM2M2JjN2M0YzAiOnsiY3JlYXRlIjoxMjAwMDAwMDAwMDAwLCJkZWxldGUiOjEyMDAwMDAwMDAwMDAsInVwZGF0ZSI6MTIwMDAwMDAwMDAwMH19",
          "dependencies": [
            "google_service_account.agora",
            "module.alexandrie_service.google_cloud_run_v2_service.agent",
            "module.alexandrie_service.google_cloud_run_v2_service_iam_binding.agent_invoker"
          ]
        },
        {
          "index_key": "pythagore",
          "status": "tainted",
          "schema_version": 0,
          "attributes": {
            "annotations": null,
            "binary_authorization": [],
            "client": null,
            "client_version": null,
            "conditions": null,
            "create_time": null,
            "creator": null,
            "custom_audiences": null,
            "delete_time": null,
            "description": null,
            "effective_annotations": null,
            "effective_labels": {
              "agent": "pythagore",
              "app": "socrateai-agora",
              "patent": "us-pat-pend-2026-0525"
            },
            "etag": null,
            "expire_time": null,
            "generation": null,
            "id": "projects/gen-lang-client-0625573011/locations/us-central1/services/pythagore-agent",
            "ingress": "INGRESS_TRAFFIC_INTERNAL_ONLY",
            "labels": {
              "agent": "pythagore",
              "app": "socrateai-agora",
              "patent": "us-pat-pend-2026-0525"
            },
            "last_modifier": null,
            "latest_created_revision": null,
            "latest_ready_revision": null,
            "launch_stage": null,
            "location": "us-central1",
            "name": "pythagore-agent",
            "observed_generation": null,
            "project": "gen-lang-client-0625573011",
            "reconciling": null,
            "template": [
              {
                "annotations": null,
                "containers": [
                  {
                    "args": [
                      "agents.pythagore.server"
                    ],
                    "command": null,
                    "depends_on": null,
                    "env": [
                      {
                        "name": "AGENT_NAME",
                        "value": "pythagore",
                        "value_source": []
                      },
                      {
                        "name": "AGENT_MODULE",
                        "value": "agents.pythagore.server",
                        "value_source": []
                      },
                      {
                        "name": "BUDGET_LIMIT",
                        "value": "100",
                        "value_source": []
                      },
                      {
                        "name": "PROJECT_BUDGET",
                        "value": "500",
                        "value_source": []
                      },
                      {
                        "name": "ALEXANDRIE_API_URL",
                        "value": "https://alexandrie-vault-cfhmhmvv5a-uc.a.run.app",
                        "value_source": []
                      },
                      {
                        "name": "OIDC_ENABLED",
                        "value": "1",
                        "value_source": []
                      },
                      {
                        "name": "FIRESTORE_ENABLED",
                        "value": "1",
                        "value_source": []
                      }
                    ],
                    "image": "us-central1-docker.pkg.dev/gen-lang-client-0625573011/agora/pythagore:latest",
                    "liveness_probe": [
                      {
                        "failure_threshold": 3,
                        "grpc": [],
                        "http_get": [
                          {
                            "http_headers": [],
                            "path": "/health",
                            "port": 0
                          }
                        ],
                        "initial_delay_seconds": 0,
                        "period_seconds": 30,
                        "tcp_socket": [],
                        "timeout_seconds": 1
                      }
                    ],
                    "name": "",
                    "ports": [
                      {
                        "container_port": 8080,
                        "name": ""
                      }
                    ],
                    "resources": [
                      {
                        "cpu_idle": true,
                        "limits": {
                          "cpu": "2",
                          "memory": "4Gi"
                        },
                        "startup_cpu_boost": false
                      }
                    ],
                    "startup_probe": [
                      {
                        "failure_threshold": 3,
                        "grpc": [],
                        "http_get": [
                          {
                            "http_headers": [],
                            "path": "/health",
                            "port": 0
                          }
                        ],
                        "initial_delay_seconds": 5,
                        "period_seconds": 10,
                        "tcp_socket": [],
                        "timeout_seconds": 1
                      }
                    ],
                    "volume_mounts": [],
                    "working_dir": ""
                  }
                ],
                "encryption_key": "",
                "execution_environment": "",
                "labels": null,
                "max_instance_request_concurrency": 0,
                "revision": "",
                "scaling": [
                  {
                    "max_instance_count": 2,
                    "min_instance_count": 0
                  }
                ],
                "service_account": "socrateai-agora@gen-lang-client-0625573011.iam.gserviceaccount.com",
                "session_affinity": false,
                "timeout": "3600s",
                "volumes": [],
                "vpc_access": []
              }
            ],
            "terminal_condition": null,
            "terraform_labels": {
              "agent": "pythagore",
              "app": "socrateai-agora",
              "patent": "us-pat-pend-2026-0525"
            },
            "timeouts": null,
            "traffic": [
              {
                "percent": 100,
                "revision": "",
                "tag": "",
                "type": "TRAFFIC_TARGET_ALLOCATION_TYPE_LATEST"
              }
            ],
            "traffic_statuses": null,
            "uid": null,
            "update_time": null,
            "uri": null
          },
          "sensitive_attributes": [],
          "identity_schema_version": 0,
          "private": "eyJlMmJmYjczMC1lY2FhLTExZTYtOGY4OC0zNDM2M2JjN2M0YzAiOnsiY3JlYXRlIjoxMjAwMDAwMDAwMDAwLCJkZWxldGUiOjEyMDAwMDAwMDAwMDAsInVwZGF0ZSI6MTIwMDAwMDAwMDAwMH19",
          "dependencies": [
            "google_service_account.agora",
            "module.alexandrie_service.google_cloud_run_v2_service.agent",
            "module.alexandrie_service.google_cloud_run_v2_service_iam_binding.agent_invoker"
          ]
        },
        {
          "index_key": "turing",
          "status": "tainted",
          "schema_version": 0,
          "attributes": {
            "annotations": null,
            "binary_authorization": [],
            "client": null,
            "client_version": null,
            "conditions": null,
            "create_time": null,
            "creator": null,
            "custom_audiences": null,
            "delete_time": null,
            "description": null,
            "effective_annotations": null,
            "effective_labels": {
              "agent": "turing",
              "app": "socrateai-agora",
              "patent": "us-pat-pend-2026-0525"
            },
            "etag": null,
            "expire_time": null,
            "generation": null,
            "id": "projects/gen-lang-client-0625573011/locations/us-central1/services/turing-agent",
            "ingress": "INGRESS_TRAFFIC_INTERNAL_ONLY",
            "labels": {
              "agent": "turing",
              "app": "socrateai-agora",
              "patent": "us-pat-pend-2026-0525"
            },
            "last_modifier": null,
            "latest_created_revision": null,
            "latest_ready_revision": null,
            "launch_stage": null,
            "location": "us-central1",
            "name": "turing-agent",
            "observed_generation": null,
            "project": "gen-lang-client-0625573011",
            "reconciling": null,
            "template": [
              {
                "annotations": null,
                "containers": [
                  {
                    "args": [
                      "agents.turing.server"
                    ],
                    "command": null,
                    "depends_on": null,
                    "env": [
                      {
                        "name": "AGENT_NAME",
                        "value": "turing",
                        "value_source": []
                      },
                      {
                        "name": "AGENT_MODULE",
                        "value": "agents.turing.server",
                        "value_source": []
                      },
                      {
                        "name": "BUDGET_LIMIT",
                        "value": "100",
                        "value_source": []
                      },
                      {
                        "name": "PROJECT_BUDGET",
                        "value": "500",
                        "value_source": []
                      },
                      {
                        "name": "ALEXANDRIE_API_URL",
                        "value": "https://alexandrie-vault-cfhmhmvv5a-uc.a.run.app",
                        "value_source": []
                      },
                      {
                        "name": "OIDC_ENABLED",
                        "value": "1",
                        "value_source": []
                      },
                      {
                        "name": "FIRESTORE_ENABLED",
                        "value": "1",
                        "value_source": []
                      }
                    ],
                    "image": "us-central1-docker.pkg.dev/gen-lang-client-0625573011/agora/turing:latest",
                    "liveness_probe": [
                      {
                        "failure_threshold": 3,
                        "grpc": [],
                        "http_get": [
                          {
                            "http_headers": [],
                            "path": "/health",
                            "port": 0
                          }
                        ],
                        "initial_delay_seconds": 0,
                        "period_seconds": 30,
                        "tcp_socket": [],
                        "timeout_seconds": 1
                      }
                    ],
                    "name": "",
                    "ports": [
                      {
                        "container_port": 8080,
                        "name": ""
                      }
                    ],
                    "resources": [
                      {
                        "cpu_idle": true,
                        "limits": {
                          "cpu": "2",
                          "memory": "8Gi"
                        },
                        "startup_cpu_boost": false
                      }
                    ],
                    "startup_probe": [
                      {
                        "failure_threshold": 3,
                        "grpc": [],
                        "http_get": [
                          {
                            "http_headers": [],
                            "path": "/health",
                            "port": 0
                          }
                        ],
                        "initial_delay_seconds": 5,
                        "period_seconds": 10,
                        "tcp_socket": [],
                        "timeout_seconds": 1
                      }
                    ],
                    "volume_mounts": [],
                    "working_dir": ""
                  }
                ],
                "encryption_key": "",
                "execution_environment": "",
                "labels": null,
                "max_instance_request_concurrency": 0,
                "revision": "",
                "scaling": [
                  {
                    "max_instance_count": 1,
                    "min_instance_count": 0
                  }
                ],
                "service_account": "socrateai-agora@gen-lang-client-0625573011.iam.gserviceaccount.com",
                "session_affinity": false,
                "timeout": "3600s",
                "volumes": [],
                "vpc_access": []
              }
            ],
            "terminal_condition": null,
            "terraform_labels": {
              "agent": "turing",
              "app": "socrateai-agora",
              "patent": "us-pat-pend-2026-0525"
            },
            "timeouts": null,
            "traffic": [
              {
                "percent": 100,
                "revision": "",
                "tag": "",
                "type": "TRAFFIC_TARGET_ALLOCATION_TYPE_LATEST"
              }
            ],
            "traffic_statuses": null,
            "uid": null,
            "update_time": null,
            "uri": null
          },
          "sensitive_attributes": [],
          "identity_schema_version": 0,
          "private": "eyJlMmJmYjczMC1lY2FhLTExZTYtOGY4OC0zNDM2M2JjN2M0YzAiOnsiY3JlYXRlIjoxMjAwMDAwMDAwMDAwLCJkZWxldGUiOjEyMDAwMDAwMDAwMDAsInVwZGF0ZSI6MTIwMDAwMDAwMDAwMH19",
          "dependencies": [
            "google_service_account.agora",
            "module.alexandrie_service.google_cloud_run_v2_service.agent",
            "module.alexandrie_service.google_cloud_run_v2_service_iam_binding.agent_invoker"
          ]
        }
      ]
    },
    {
      "module": "module.agent_fleet",
      "mode": "managed",
      "type": "google_cloud_run_v2_service_iam_binding",
      "name": "fleet_invoker",
      "provider": "provider[\"registry.terraform.io/hashicorp/google\"]",
      "instances": [
        {
          "index_key": "euler",
          "schema_version": 0,
          "attributes": {
            "condition": [],
            "etag": "BwZTW/BCMXU=",
            "id": "projects/gen-lang-client-0625573011/locations/us-central1/services/euler-agent/roles/run.invoker",
            "location": "us-central1",
            "members": [],
            "name": "projects/gen-lang-client-0625573011/locations/us-central1/services/euler-agent",
            "project": "gen-lang-client-0625573011",
            "role": "roles/run.invoker"
          },
          "sensitive_attributes": [],
          "identity_schema_version": 0,
          "private": "bnVsbA==",
          "dependencies": [
            "google_service_account.agora",
            "module.agent_fleet.google_cloud_run_v2_service.fleet_agents",
            "module.alexandrie_service.google_cloud_run_v2_service.agent",
            "module.alexandrie_service.google_cloud_run_v2_service_iam_binding.agent_invoker"
          ]
        },
        {
          "index_key": "galois",
          "schema_version": 0,
          "attributes": {
            "condition": [],
            "etag": "BwZTW/A6gZU=",
            "id": "projects/gen-lang-client-0625573011/locations/us-central1/services/galois-agent/roles/run.invoker",
            "location": "us-central1",
            "members": [],
            "name": "projects/gen-lang-client-0625573011/locations/us-central1/services/galois-agent",
            "project": "gen-lang-client-0625573011",
            "role": "roles/run.invoker"
          },
          "sensitive_attributes": [],
          "identity_schema_version": 0,
          "private": "bnVsbA==",
          "dependencies": [
            "google_service_account.agora",
            "module.agent_fleet.google_cloud_run_v2_service.fleet_agents",
            "module.alexandrie_service.google_cloud_run_v2_service.agent",
            "module.alexandrie_service.google_cloud_run_v2_service_iam_binding.agent_invoker"
          ]
        },
        {
          "index_key": "heraclite",
          "schema_version": 0,
          "attributes": {
            "condition": [],
            "etag": "BwZTW/A9zTU=",
            "id": "projects/gen-lang-client-0625573011/locations/us-central1/services/heraclite-agent/roles/run.invoker",
            "location": "us-central1",
            "members": [],
            "name": "projects/gen-lang-client-0625573011/locations/us-central1/services/heraclite-agent",
            "project": "gen-lang-client-0625573011",
            "role": "roles/run.invoker"
          },
          "sensitive_attributes": [],
          "identity_schema_version": 0,
          "private": "bnVsbA==",
          "dependencies": [
            "google_service_account.agora",
            "module.agent_fleet.google_cloud_run_v2_service.fleet_agents",
            "module.alexandrie_service.google_cloud_run_v2_service.agent",
            "module.alexandrie_service.google_cloud_run_v2_service_iam_binding.agent_invoker"
          ]
        },
        {
          "index_key": "hypatie",
          "schema_version": 0,
          "attributes": {
            "condition": [],
            "etag": "BwZTW/A9TaQ=",
            "id": "projects/gen-lang-client-0625573011/locations/us-central1/services/hypatie-agent/roles/run.invoker",
            "location": "us-central1",
            "members": [],
            "name": "projects/gen-lang-client-0625573011/locations/us-central1/services/hypatie-agent",
            "project": "gen-lang-client-0625573011",
            "role": "roles/run.invoker"
          },
          "sensitive_attributes": [],
          "identity_schema_version": 0,
          "private": "bnVsbA==",
          "dependencies": [
            "google_service_account.agora",
            "module.agent_fleet.google_cloud_run_v2_service.fleet_agents",
            "module.alexandrie_service.google_cloud_run_v2_service.agent",
            "module.alexandrie_service.google_cloud_run_v2_service_iam_binding.agent_invoker"
          ]
        },
        {
          "index_key": "pythagore",
          "schema_version": 0,
          "attributes": {
            "condition": [],
            "etag": "BwZTW/A9aHk=",
            "id": "projects/gen-lang-client-0625573011/locations/us-central1/services/pythagore-agent/roles/run.invoker",
            "location": "us-central1",
            "members": [],
            "name": "projects/gen-lang-client-0625573011/locations/us-central1/services/pythagore-agent",
            "project": "gen-lang-client-0625573011",
            "role": "roles/run.invoker"
          },
          "sensitive_attributes": [],
          "identity_schema_version": 0,
          "private": "bnVsbA==",
          "dependencies": [
            "google_service_account.agora",
            "module.agent_fleet.google_cloud_run_v2_service.fleet_agents",
            "module.alexandrie_service.google_cloud_run_v2_service.agent",
            "module.alexandrie_service.google_cloud_run_v2_service_iam_binding.agent_invoker"
          ]
        },
        {
          "index_key": "turing",
          "schema_version": 0,
          "attributes": {
            "condition": [],
            "etag": "BwZTW/A6Wtk=",
            "id": "projects/gen-lang-client-0625573011/locations/us-central1/services/turing-agent/roles/run.invoker",
            "location": "us-central1",
            "members": [],
            "name": "projects/gen-lang-client-0625573011/locations/us-central1/services/turing-agent",
            "project": "gen-lang-client-0625573011",
            "role": "roles/run.invoker"
          },
          "sensitive_attributes": [],
          "identity_schema_version": 0,
          "private": "bnVsbA==",
          "dependencies": [
            "google_service_account.agora",
            "module.agent_fleet.google_cloud_run_v2_service.fleet_agents",
            "module.alexandrie_service.google_cloud_run_v2_service.agent",
            "module.alexandrie_service.google_cloud_run_v2_service_iam_binding.agent_invoker"
          ]
        }
      ]
    },
    {
      "module": "module.alexandrie_service",
      "mode": "managed",
      "type": "google_cloud_run_v2_service",
      "name": "agent",
      "provider": "provider[\"registry.terraform.io/hashicorp/google\"]",
      "instances": [
        {
          "schema_version": 0,
          "attributes": {
            "annotations": {},
            "binary_authorization": [],
            "client": "",
            "client_version": "",
            "conditions": [
              {
                "execution_reason": "",
                "last_transition_time": "2026-06-08T18:08:51.587597Z",
                "message": "",
                "reason": "",
                "revision_reason": "",
                "severity": "",
                "state": "CONDITION_SUCCEEDED",
                "type": "RoutesReady"
              },
              {
                "execution_reason": "",
                "last_transition_time": "2026-06-08T18:08:50.428814Z",
                "message": "",
                "reason": "",
                "revision_reason": "",
                "severity": "",
                "state": "CONDITION_SUCCEEDED",
                "type": "ConfigurationsReady"
              }
            ],
            "create_time": "2026-06-08T18:08:31.530054Z",
            "creator": "callensxavier@gmail.com",
            "custom_audiences": [],
            "delete_time": "",
            "description": "",
            "effective_annotations": {},
            "effective_labels": {
              "agent": "alexandrie-vault",
              "app": "socrateai-agora",
              "patent": "us-pat-pend-2026-0525"
            },
            "etag": "\"CJ-KnNEGEPD23_wB/cHJvamVjdHMvZ2VuLWxhbmctY2xpZW50LTA2MjU1NzMwMTEvbG9jYXRpb25zL3VzLWNlbnRyYWwxL3NlcnZpY2VzL2FsZXhhbmRyaWUtdmF1bHQ\"",
            "expire_time": "",
            "generation": "1",
            "id": "projects/gen-lang-client-0625573011/locations/us-central1/services/alexandrie-vault",
            "ingress": "INGRESS_TRAFFIC_INTERNAL_ONLY",
            "labels": {
              "agent": "alexandrie-vault",
              "app": "socrateai-agora",
              "patent": "us-pat-pend-2026-0525"
            },
            "last_modifier": "callensxavier@gmail.com",
            "latest_created_revision": "projects/gen-lang-client-0625573011/locations/us-central1/services/alexandrie-vault/revisions/alexandrie-vault-00001-w2q",
            "latest_ready_revision": "projects/gen-lang-client-0625573011/locations/us-central1/services/alexandrie-vault/revisions/alexandrie-vault-00001-w2q",
            "launch_stage": "GA",
            "location": "us-central1",
            "name": "alexandrie-vault",
            "observed_generation": "1",
            "project": "gen-lang-client-0625573011",
            "reconciling": false,
            "template": [
              {
                "annotations": {},
                "containers": [
                  {
                    "args": [
                      "alexandrie.server"
                    ],
                    "command": [],
                    "depends_on": [],
                    "env": [
                      {
                        "name": "ALEXANDRIE_VAULT_ROOT",
                        "value": "/gcs/gen-lang-client-0625573011-alexandrie-vault",
                        "value_source": []
                      },
                      {
                        "name": "OIDC_ENABLED",
                        "value": "1",
                        "value_source": []
                      },
                      {
                        "name": "AGENT_URL",
                        "value": "https://alexandrie-vault-gen-lang-client-0625573011.us-central1.run.app",
                        "value_source": []
                      }
                    ],
                    "image": "us-central1-docker.pkg.dev/gen-lang-client-0625573011/agora/alexandrie:latest",
                    "liveness_probe": [
                      {
                        "failure_threshold": 3,
                        "grpc": [],
                        "http_get": [
                          {
                            "http_headers": [],
                            "path": "/health",
                            "port": 8080
                          }
                        ],
                        "initial_delay_seconds": 0,
                        "period_seconds": 30,
                        "tcp_socket": [],
                        "timeout_seconds": 1
                      }
                    ],
                    "name": "",
                    "ports": [
                      {
                        "container_port": 8080,
                        "name": "http1"
                      }
                    ],
                    "resources": [
                      {
                        "cpu_idle": true,
                        "limits": {
                          "cpu": "2",
                          "memory": "4Gi"
                        },
                        "startup_cpu_boost": false
                      }
                    ],
                    "startup_probe": [
                      {
                        "failure_threshold": 3,
                        "grpc": [],
                        "http_get": [
                          {
                            "http_headers": [],
                            "path": "/health",
                            "port": 8080
                          }
                        ],
                        "initial_delay_seconds": 5,
                        "period_seconds": 10,
                        "tcp_socket": [],
                        "timeout_seconds": 1
                      }
                    ],
                    "volume_mounts": [],
                    "working_dir": ""
                  }
                ],
                "encryption_key": "",
                "execution_environment": "",
                "labels": {},
                "max_instance_request_concurrency": 160,
                "revision": "",
                "scaling": [
                  {
                    "max_instance_count": 3,
                    "min_instance_count": 0
                  }
                ],
                "service_account": "socrateai-agora@gen-lang-client-0625573011.iam.gserviceaccount.com",
                "session_affinity": false,
                "timeout": "3600s",
                "volumes": [],
                "vpc_access": []
              }
            ],
            "terminal_condition": [
              {
                "execution_reason": "",
                "last_transition_time": "2026-06-08T18:08:51.638915Z",
                "message": "",
                "reason": "",
                "revision_reason": "",
                "severity": "",
                "state": "CONDITION_SUCCEEDED",
                "type": "Ready"
              }
            ],
            "terraform_labels": {
              "agent": "alexandrie-vault",
              "app": "socrateai-agora",
              "patent": "us-pat-pend-2026-0525"
            },
            "timeouts": null,
            "traffic": [
              {
                "percent": 100,
                "revision": "",
                "tag": "",
                "type": "TRAFFIC_TARGET_ALLOCATION_TYPE_LATEST"
              }
            ],
            "traffic_statuses": [
              {
                "percent": 100,
                "revision": "",
                "tag": "",
                "type": "TRAFFIC_TARGET_ALLOCATION_TYPE_LATEST",
                "uri": ""
              }
            ],
            "uid": "acb76dd9-247c-4712-a0f2-9b2ee580be19",
            "update_time": "2026-06-08T18:08:31.530054Z",
            "uri": "https://alexandrie-vault-cfhmhmvv5a-uc.a.run.app"
          },
          "sensitive_attributes": [],
          "identity_schema_version": 0,
          "private": "eyJlMmJmYjczMC1lY2FhLTExZTYtOGY4OC0zNDM2M2JjN2M0YzAiOnsiY3JlYXRlIjoxMjAwMDAwMDAwMDAwLCJkZWxldGUiOjEyMDAwMDAwMDAwMDAsInVwZGF0ZSI6MTIwMDAwMDAwMDAwMH19",
          "dependencies": [
            "google_service_account.agora"
          ]
        }
      ]
    },
    {
      "module": "module.alexandrie_service",
      "mode": "managed",
      "type": "google_cloud_run_v2_service_iam_binding",
      "name": "agent_invoker",
      "provider": "provider[\"registry.terraform.io/hashicorp/google\"]",
      "instances": [
        {
          "schema_version": 0,
          "attributes": {
            "condition": [],
            "etag": "BwZTwedBZcc=",
            "id": "projects/gen-lang-client-0625573011/locations/us-central1/services/alexandrie-vault/roles/run.invoker",
            "location": "us-central1",
            "members": [
              "serviceAccount:socrateai-agora@gen-lang-client-0625573011.iam.gserviceaccount.com"
            ],
            "name": "projects/gen-lang-client-0625573011/locations/us-central1/services/alexandrie-vault",
            "project": "gen-lang-client-0625573011",
            "role": "roles/run.invoker"
          },
          "sensitive_attributes": [],
          "identity_schema_version": 0,
          "private": "bnVsbA==",
          "dependencies": [
            "google_service_account.agora",
            "module.alexandrie_service.google_cloud_run_v2_service.agent"
          ]
        }
      ]
    },
    {
      "module": "module.alexandrie_storage",
      "mode": "managed",
      "type": "google_storage_bucket",
      "name": "checkpoints",
      "provider": "provider[\"registry.terraform.io/hashicorp/google\"]",
      "instances": [
        {
          "schema_version": 2,
          "attributes": {
            "autoclass": [],
            "cors": [],
            "custom_placement_config": [],
            "default_event_based_hold": false,
            "effective_labels": {
              "app": "socrateai-agora",
              "patent": "us-pat-pend-2026-0525"
            },
            "enable_object_retention": false,
            "encryption": [],
            "force_destroy": false,
            "id": "gen-lang-client-0625573011-alexandrie-vault",
            "labels": {
              "app": "socrateai-agora",
              "patent": "us-pat-pend-2026-0525"
            },
            "lifecycle_rule": [
              {
                "action": [
                  {
                    "storage_class": "",
                    "type": "Delete"
                  }
                ],
                "condition": [
                  {
                    "age": 90,
                    "created_before": "",
                    "custom_time_before": "",
                    "days_since_custom_time": 0,
                    "days_since_noncurrent_time": 0,
                    "matches_prefix": [],
                    "matches_storage_class": [],
                    "matches_suffix": [],
                    "no_age": false,
                    "noncurrent_time_before": "",
                    "num_newer_versions": 0,
                    "send_age_if_zero": true,
                    "send_days_since_custom_time_if_zero": false,
                    "send_days_since_noncurrent_time_if_zero": false,
                    "send_num_newer_versions_if_zero": false,
                    "with_state": "ANY"
                  }
                ]
              },
              {
                "action": [
                  {
                    "storage_class": "NEARLINE",
                    "type": "SetStorageClass"
                  }
                ],
                "condition": [
                  {
                    "age": 30,
                    "created_before": "",
                    "custom_time_before": "",
                    "days_since_custom_time": 0,
                    "days_since_noncurrent_time": 0,
                    "matches_prefix": [],
                    "matches_storage_class": [],
                    "matches_suffix": [],
                    "no_age": false,
                    "noncurrent_time_before": "",
                    "num_newer_versions": 0,
                    "send_age_if_zero": true,
                    "send_days_since_custom_time_if_zero": false,
                    "send_days_since_noncurrent_time_if_zero": false,
                    "send_num_newer_versions_if_zero": false,
                    "with_state": "ANY"
                  }
                ]
              }
            ],
            "location": "US-CENTRAL1",
            "logging": [],
            "name": "gen-lang-client-0625573011-alexandrie-vault",
            "project": "gen-lang-client-0625573011",
            "project_number": 1003063861791,
            "public_access_prevention": "inherited",
            "requester_pays": false,
            "retention_policy": [],
            "rpo": null,
            "self_link": "https://www.googleapis.com/storage/v1/b/gen-lang-client-0625573011-alexandrie-vault",
            "soft_delete_policy": [
              {
                "effective_time": "2026-06-03T16:01:24.030Z",
                "retention_duration_seconds": 604800
              }
            ],
            "storage_class": "STANDARD",
            "terraform_labels": {
              "app": "socrateai-agora",
              "patent": "us-pat-pend-2026-0525"
            },
            "timeouts": null,
            "uniform_bucket_level_access": true,
            "url": "gs://gen-lang-client-0625573011-alexandrie-vault",
            "versioning": [
              {
                "enabled": true
              }
            ],
            "website": []
          },
          "sensitive_attributes": [],
          "identity_schema_version": 0,
          "private": "eyJlMmJmYjczMC1lY2FhLTExZTYtOGY4OC0zNDM2M2JjN2M0YzAiOnsiY3JlYXRlIjo2MDAwMDAwMDAwMDAsInJlYWQiOjI0MDAwMDAwMDAwMCwidXBkYXRlIjoyNDAwMDAwMDAwMDB9LCJzY2hlbWFfdmVyc2lvbiI6IjIifQ=="
        }
      ]
    },
    {
      "module": "module.budget_alerts",
      "mode": "data",
      "type": "archive_file",
      "name": "kill_switch_source",
      "provider": "provider[\"registry.terraform.io/hashicorp/archive\"]",
      "instances": [
        {
          "schema_version": 0,
          "attributes": {
            "exclude_symlink_directories": null,
            "excludes": null,
            "id": "42622a50ecf241a166bace29c659abffd33526ce",
            "output_base64sha256": "mXQ0lfECAzxb0s9wI1UxX7cM9tx/h8Dv0xZEJZNR7tE=",
            "output_base64sha512": "cB5btSk4EnWI1dAXevJ1SJ/FbyKqCt+7ovRV9ywyn6qXSacm9KODBfNs5pks/fGftwCjVp4yUAfFuy5lKNX1yA==",
            "output_file_mode": null,
            "output_md5": "f4d94b4bbd38f5b330da72facb5545fa",
            "output_path": "modules/budget_alerts/kill_switch_function.zip",
            "output_sha": "42622a50ecf241a166bace29c659abffd33526ce",
            "output_sha256": "99743495f102033c5bd2cf702355315fb70cf6dc7f87c0efd31644259351eed1",
            "output_sha512": "701e5bb52938127588d5d0177af275489fc56f22aa0adfbba2f455f72c329faa9749a726f4a38305f36ce6992cfdf19fb700a3569e325007c5bb2e6528d5f5c8",
            "output_size": 4953,
            "source": [],
            "source_content": null,
            "source_content_filename": null,
            "source_dir": "modules/budget_alerts/kill_switch_function",
            "source_file": null,
            "type": "zip"
          },
          "sensitive_attributes": [],
          "identity_schema_version": 0
        }
      ]
    },
    {
      "module": "module.budget_alerts",
      "mode": "data",
      "type": "google_project",
      "name": "project",
      "provider": "provider[\"registry.terraform.io/hashicorp/google\"]",
      "instances": [
        {
          "schema_version": 0,
          "attributes": {
            "auto_create_network": null,
            "billing_account": "017E36-21DBA9-0E52B7",
            "deletion_policy": "DELETE",
            "effective_labels": {},
            "folder_id": null,
            "id": "projects/gen-lang-client-0625573011",
            "labels": {},
            "name": "SocrateAI",
            "number": "1003063861791",
            "org_id": null,
            "project_id": "gen-lang-client-0625573011",
            "skip_delete": null,
            "terraform_labels": {}
          },
          "sensitive_attributes": [],
          "identity_schema_version": 0
        }
      ]
    },
    {
      "module": "module.budget_alerts",
      "mode": "managed",
      "type": "google_pubsub_topic",
      "name": "budget_kill_switch",
      "provider": "provider[\"registry.terraform.io/hashicorp/google\"]",
      "instances": [
        {
          "schema_version": 0,
          "attributes": {
            "effective_labels": {},
            "id": "projects/gen-lang-client-0625573011/topics/agora-budget-kill-switch",
            "ingestion_data_source_settings": [],
            "kms_key_name": "",
            "labels": {},
            "message_retention_duration": "",
            "message_storage_policy": [],
            "name": "agora-budget-kill-switch",
            "project": "gen-lang-client-0625573011",
            "schema_settings": [],
            "terraform_labels": {},
            "timeouts": null
          },
          "sensitive_attributes": [],
          "identity_schema_version": 0,
          "private": "eyJlMmJmYjczMC1lY2FhLTExZTYtOGY4OC0zNDM2M2JjN2M0YzAiOnsiY3JlYXRlIjoxMjAwMDAwMDAwMDAwLCJkZWxldGUiOjEyMDAwMDAwMDAwMDAsInVwZGF0ZSI6MTIwMDAwMDAwMDAwMH19"
        }
      ]
    },
    {
      "module": "module.budget_alerts",
      "mode": "managed",
      "type": "google_pubsub_topic_iam_member",
      "name": "billing_pubsub_publisher",
      "provider": "provider[\"registry.terraform.io/hashicorp/google\"]",
      "instances": [
        {
          "schema_version": 0,
          "attributes": {
            "condition": [],
            "etag": "BwZTXKDHcUY=",
            "id": "projects/gen-lang-client-0625573011/topics/agora-budget-kill-switch/roles/pubsub.publisher/serviceAccount:billing-budget-alert@system.gserviceaccount.com",
            "member": "serviceAccount:billing-budget-alert@system.gserviceaccount.com",
            "project": "gen-lang-client-0625573011",
            "role": "roles/pubsub.publisher",
            "topic": "projects/gen-lang-client-0625573011/topics/agora-budget-kill-switch"
          },
          "sensitive_attributes": [],
          "identity_schema_version": 0,
          "private": "bnVsbA==",
          "dependencies": [
            "module.budget_alerts.google_pubsub_topic.budget_kill_switch"
          ]
        }
      ]
    },
    {
      "module": "module.budget_alerts",
      "mode": "managed",
      "type": "google_storage_bucket",
      "name": "kill_switch_fn_source",
      "provider": "provider[\"registry.terraform.io/hashicorp/google\"]",
      "instances": [
        {
          "schema_version": 2,
          "attributes": {
            "autoclass": [],
            "cors": [],
            "custom_placement_config": [],
            "default_event_based_hold": false,
            "effective_labels": {},
            "enable_object_retention": false,
            "encryption": [],
            "force_destroy": true,
            "id": "gen-lang-client-0625573011-kill-switch-fn",
            "labels": {},
            "lifecycle_rule": [
              {
                "action": [
                  {
                    "storage_class": "",
                    "type": "Delete"
                  }
                ],
                "condition": [
                  {
                    "age": 30,
                    "created_before": "",
                    "custom_time_before": "",
                    "days_since_custom_time": 0,
                    "days_since_noncurrent_time": 0,
                    "matches_prefix": [],
                    "matches_storage_class": [],
                    "matches_suffix": [],
                    "no_age": false,
                    "noncurrent_time_before": "",
                    "num_newer_versions": 0,
                    "send_age_if_zero": true,
                    "send_days_since_custom_time_if_zero": false,
                    "send_days_since_noncurrent_time_if_zero": false,
                    "send_num_newer_versions_if_zero": false,
                    "with_state": "ANY"
                  }
                ]
              }
            ],
            "location": "US-CENTRAL1",
            "logging": [],
            "name": "gen-lang-client-0625573011-kill-switch-fn",
            "project": "gen-lang-client-0625573011",
            "project_number": 1003063861791,
            "public_access_prevention": "inherited",
            "requester_pays": false,
            "retention_policy": [],
            "rpo": null,
            "self_link": "https://www.googleapis.com/storage/v1/b/gen-lang-client-0625573011-kill-switch-fn",
            "soft_delete_policy": [
              {
                "effective_time": "2026-06-03T16:01:23.852Z",
                "retention_duration_seconds": 604800
              }
            ],
            "storage_class": "STANDARD",
            "terraform_labels": {},
            "timeouts": null,
            "uniform_bucket_level_access": false,
            "url": "gs://gen-lang-client-0625573011-kill-switch-fn",
            "versioning": [],
            "website": []
          },
          "sensitive_attributes": [],
          "identity_schema_version": 0,
          "private": "eyJlMmJmYjczMC1lY2FhLTExZTYtOGY4OC0zNDM2M2JjN2M0YzAiOnsiY3JlYXRlIjo2MDAwMDAwMDAwMDAsInJlYWQiOjI0MDAwMDAwMDAwMCwidXBkYXRlIjoyNDAwMDAwMDAwMDB9LCJzY2hlbWFfdmVyc2lvbiI6IjIifQ=="
        }
      ]
    },
    {
      "module": "module.budget_alerts",
      "mode": "managed",
      "type": "google_storage_bucket_object",
      "name": "kill_switch_source",
      "provider": "provider[\"registry.terraform.io/hashicorp/google\"]",
      "instances": [
        {
          "schema_version": 0,
          "attributes": {
            "bucket": "gen-lang-client-0625573011-kill-switch-fn",
            "cache_control": "",
            "content": null,
            "content_disposition": "",
            "content_encoding": "",
            "content_language": "",
            "content_type": "application/zip",
            "crc32c": "Ktc7Pw==",
            "customer_encryption": [],
            "detect_md5hash": "9NlLS7049bMw2nL6y1VF+g==",
            "event_based_hold": false,
            "generation": 1780502488377415,
            "id": "gen-lang-client-0625573011-kill-switch-fn-kill_switch_function_f4d94b4bbd38f5b330da72facb5545fa.zip",
            "kms_key_name": "",
            "md5hash": "9NlLS7049bMw2nL6y1VF+g==",
            "media_link": "https://storage.googleapis.com/download/storage/v1/b/gen-lang-client-0625573011-kill-switch-fn/o/kill_switch_function_f4d94b4bbd38f5b330da72facb5545fa.zip?generation=1780502488377415\u0026alt=media",
            "metadata": {},
            "name": "kill_switch_function_f4d94b4bbd38f5b330da72facb5545fa.zip",
            "output_name": "kill_switch_function_f4d94b4bbd38f5b330da72facb5545fa.zip",
            "retention": [],
            "self_link": "https://www.googleapis.com/storage/v1/b/gen-lang-client-0625573011-kill-switch-fn/o/kill_switch_function_f4d94b4bbd38f5b330da72facb5545fa.zip",
            "source": "modules/budget_alerts/kill_switch_function.zip",
            "storage_class": "STANDARD",
            "temporary_hold": false,
            "timeouts": null
          },
          "sensitive_attributes": [
            [
              {
                "type": "get_attr",
                "value": "content"
              }
            ]
          ],
          "identity_schema_version": 0,
          "private": "eyJlMmJmYjczMC1lY2FhLTExZTYtOGY4OC0zNDM2M2JjN2M0YzAiOnsiY3JlYXRlIjoyNDAwMDAwMDAwMDAsImRlbGV0ZSI6MjQwMDAwMDAwMDAwLCJ1cGRhdGUiOjI0MDAwMDAwMDAwMH19",
          "dependencies": [
            "module.budget_alerts.data.archive_file.kill_switch_source",
            "module.budget_alerts.google_storage_bucket.kill_switch_fn_source"
          ]
        }
      ]
    },
    {
      "module": "module.checkpoint_storage",
      "mode": "managed",
      "type": "google_storage_bucket",
      "name": "checkpoints",
      "provider": "provider[\"registry.terraform.io/hashicorp/google\"]",
      "instances": [
        {
          "schema_version": 2,
          "attributes": {
            "autoclass": [],
            "cors": [],
            "custom_placement_config": [],
            "default_event_based_hold": false,
            "effective_labels": {
              "app": "socrateai-agora",
              "patent": "us-pat-pend-2026-0525"
            },
            "enable_object_retention": false,
            "encryption": [],
            "force_destroy": false,
            "id": "gen-lang-client-0625573011-agora-checkpoints",
            "labels": {
              "app": "socrateai-agora",
              "patent": "us-pat-pend-2026-0525"
            },
            "lifecycle_rule": [
              {
                "action": [
                  {
                    "storage_class": "",
                    "type": "Delete"
                  }
                ],
                "condition": [
                  {
                    "age": 90,
                    "created_before": "",
                    "custom_time_before": "",
                    "days_since_custom_time": 0,
                    "days_since_noncurrent_time": 0,
                    "matches_prefix": [],
                    "matches_storage_class": [],
                    "matches_suffix": [],
                    "no_age": false,
                    "noncurrent_time_before": "",
                    "num_newer_versions": 0,
                    "send_age_if_zero": true,
                    "send_days_since_custom_time_if_zero": false,
                    "send_days_since_noncurrent_time_if_zero": false,
                    "send_num_newer_versions_if_zero": false,
                    "with_state": "ANY"
                  }
                ]
              },
              {
                "action": [
                  {
                    "storage_class": "NEARLINE",
                    "type": "SetStorageClass"
                  }
                ],
                "condition": [
                  {
                    "age": 30,
                    "created_before": "",
                    "custom_time_before": "",
                    "days_since_custom_time": 0,
                    "days_since_noncurrent_time": 0,
                    "matches_prefix": [],
                    "matches_storage_class": [],
                    "matches_suffix": [],
                    "no_age": false,
                    "noncurrent_time_before": "",
                    "num_newer_versions": 0,
                    "send_age_if_zero": true,
                    "send_days_since_custom_time_if_zero": false,
                    "send_days_since_noncurrent_time_if_zero": false,
                    "send_num_newer_versions_if_zero": false,
                    "with_state": "ANY"
                  }
                ]
              }
            ],
            "location": "US-CENTRAL1",
            "logging": [],
            "name": "gen-lang-client-0625573011-agora-checkpoints",
            "project": "gen-lang-client-0625573011",
            "project_number": 1003063861791,
            "public_access_prevention": "inherited",
            "requester_pays": false,
            "retention_policy": [],
            "rpo": null,
            "self_link": "https://www.googleapis.com/storage/v1/b/gen-lang-client-0625573011-agora-checkpoints",
            "soft_delete_policy": [
              {
                "effective_time": "2026-06-03T16:01:23.641Z",
                "retention_duration_seconds": 604800
              }
            ],
            "storage_class": "STANDARD",
            "terraform_labels": {
              "app": "socrateai-agora",
              "patent": "us-pat-pend-2026-0525"
            },
            "timeouts": null,
            "uniform_bucket_level_access": true,
            "url": "gs://gen-lang-client-0625573011-agora-checkpoints",
            "versioning": [
              {
                "enabled": true
              }
            ],
            "website": []
          },
          "sensitive_attributes": [],
          "identity_schema_version": 0,
          "private": "eyJlMmJmYjczMC1lY2FhLTExZTYtOGY4OC0zNDM2M2JjN2M0YzAiOnsiY3JlYXRlIjo2MDAwMDAwMDAwMDAsInJlYWQiOjI0MDAwMDAwMDAwMCwidXBkYXRlIjoyNDAwMDAwMDAwMDB9LCJzY2hlbWFfdmVyc2lvbiI6IjIifQ=="
        }
      ]
    },
    {
      "module": "module.galileo_service",
      "mode": "managed",
      "type": "google_cloud_run_v2_service",
      "name": "agent",
      "provider": "provider[\"registry.terraform.io/hashicorp/google\"]",
      "instances": [
        {
          "status": "tainted",
          "schema_version": 0,
          "attributes": {
            "annotations": null,
            "binary_authorization": [],
            "client": null,
            "client_version": null,
            "conditions": null,
            "create_time": null,
            "creator": null,
            "custom_audiences": null,
            "delete_time": null,
            "description": null,
            "effective_annotations": null,
            "effective_labels": {
              "agent": "galileo-agent",
              "app": "socrateai-agora",
              "patent": "us-pat-pend-2026-0525"
            },
            "etag": null,
            "expire_time": null,
            "generation": null,
            "id": "projects/gen-lang-client-0625573011/locations/us-central1/services/galileo-agent",
            "ingress": "INGRESS_TRAFFIC_INTERNAL_ONLY",
            "labels": {
              "agent": "galileo-agent",
              "app": "socrateai-agora",
              "patent": "us-pat-pend-2026-0525"
            },
            "last_modifier": null,
            "latest_created_revision": null,
            "latest_ready_revision": null,
            "launch_stage": null,
            "location": "us-central1",
            "name": "galileo-agent",
            "observed_generation": null,
            "project": "gen-lang-client-0625573011",
            "reconciling": null,
            "template": [
              {
                "annotations": null,
                "containers": [
                  {
                    "args": [
                      "agents.galileo.server"
                    ],
                    "command": null,
                    "depends_on": null,
                    "env": [
                      {
                        "name": "AGENT_NAME",
                        "value": "galileo",
                        "value_source": []
                      },
                      {
                        "name": "BUDGET_LIMIT",
                        "value": "100",
                        "value_source": []
                      },
                      {
                        "name": "FIRESTORE_ENABLED",
                        "value": "1",
                        "value_source": []
                      },
                      {
                        "name": "NVIDIA_NIM_API_KEY",
                        "value": "",
                        "value_source": []
                      },
                      {
                        "name": "OIDC_ENABLED",
                        "value": "1",
                        "value_source": []
                      },
                      {
                        "name": "PROJECT_BUDGET",
                        "value": "500",
                        "value_source": []
                      },
                      {
                        "name": "AGENT_URL",
                        "value": "https://galileo-agent-gen-lang-client-0625573011.us-central1.run.app",
                        "value_source": []
                      }
                    ],
                    "image": "us-central1-docker.pkg.dev/gen-lang-client-0625573011/agora/galileo:latest",
                    "liveness_probe": [
                      {
                        "failure_threshold": 3,
                        "grpc": [],
                        "http_get": [
                          {
                            "http_headers": [],
                            "path": "/health",
                            "port": 0
                          }
                        ],
                        "initial_delay_seconds": 0,
                        "period_seconds": 30,
                        "tcp_socket": [],
                        "timeout_seconds": 1
                      }
                    ],
                    "name": "",
                    "ports": [
                      {
                        "container_port": 8080,
                        "name": ""
                      }
                    ],
                    "resources": [
                      {
                        "cpu_idle": true,
                        "limits": {
                          "cpu": "4",
                          "memory": "16Gi"
                        },
                        "startup_cpu_boost": false
                      }
                    ],
                    "startup_probe": [
                      {
                        "failure_threshold": 3,
                        "grpc": [],
                        "http_get": [
                          {
                            "http_headers": [],
                            "path": "/health",
                            "port": 0
                          }
                        ],
                        "initial_delay_seconds": 5,
                        "period_seconds": 10,
                        "tcp_socket": [],
                        "timeout_seconds": 1
                      }
                    ],
                    "volume_mounts": [],
                    "working_dir": ""
                  }
                ],
                "encryption_key": "",
                "execution_environment": "",
                "labels": null,
                "max_instance_request_concurrency": 0,
                "revision": "",
                "scaling": [
                  {
                    "max_instance_count": 3,
                    "min_instance_count": 0
                  }
                ],
                "service_account": "socrateai-agora@gen-lang-client-0625573011.iam.gserviceaccount.com",
                "session_affinity": false,
                "timeout": "3600s",
                "volumes": [],
                "vpc_access": []
              }
            ],
            "terminal_condition": null,
            "terraform_labels": {
              "agent": "galileo-agent",
              "app": "socrateai-agora",
              "patent": "us-pat-pend-2026-0525"
            },
            "timeouts": null,
            "traffic": [
              {
                "percent": 100,
                "revision": "",
                "tag": "",
                "type": "TRAFFIC_TARGET_ALLOCATION_TYPE_LATEST"
              }
            ],
            "traffic_statuses": null,
            "uid": null,
            "update_time": null,
            "uri": null
          },
          "sensitive_attributes": [
            [
              {
                "type": "get_attr",
                "value": "template"
              },
              {
                "type": "index",
                "value": {
                  "value": 0,
                  "type": "number"
                }
              },
              {
                "type": "get_attr",
                "value": "containers"
              },
              {
                "type": "index",
                "value": {
                  "value": 0,
                  "type": "number"
                }
              },
              {
                "type": "get_attr",
                "value": "env"
              },
              {
                "type": "index",
                "value": {
                  "value": 3,
                  "type": "number"
                }
              },
              {
                "type": "get_attr",
                "value": "value"
              }
            ]
          ],
          "identity_schema_version": 0,
          "private": "eyJlMmJmYjczMC1lY2FhLTExZTYtOGY4OC0zNDM2M2JjN2M0YzAiOnsiY3JlYXRlIjoxMjAwMDAwMDAwMDAwLCJkZWxldGUiOjEyMDAwMDAwMDAwMDAsInVwZGF0ZSI6MTIwMDAwMDAwMDAwMH19",
          "dependencies": [
            "google_service_account.agora"
          ]
        }
      ]
    },
    {
      "module": "module.galileo_service",
      "mode": "managed",
      "type": "google_cloud_run_v2_service_iam_binding",
      "name": "agent_invoker",
      "provider": "provider[\"registry.terraform.io/hashicorp/google\"]",
      "instances": [
        {
          "schema_version": 0,
          "attributes": {
            "condition": [],
            "etag": "BwZTW/BBDhg=",
            "id": "projects/gen-lang-client-0625573011/locations/us-central1/services/galileo-agent/roles/run.invoker",
            "location": "us-central1",
            "members": [],
            "name": "projects/gen-lang-client-0625573011/locations/us-central1/services/galileo-agent",
            "project": "gen-lang-client-0625573011",
            "role": "roles/run.invoker"
          },
          "sensitive_attributes": [],
          "identity_schema_version": 0,
          "private": "bnVsbA==",
          "dependencies": [
            "google_service_account.agora",
            "module.galileo_service.google_cloud_run_v2_service.agent"
          ]
        }
      ]
    },
    {
      "module": "module.gpu_serving",
      "mode": "managed",
      "type": "google_artifact_registry_repository",
      "name": "agora",
      "provider": "provider[\"registry.terraform.io/hashicorp/google\"].gpu_region",
      "instances": [
        {
          "schema_version": 0,
          "attributes": {
            "cleanup_policies": [],
            "cleanup_policy_dry_run": false,
            "create_time": "2026-06-03T16:01:24.445051Z",
            "description": "SocrateAI Agora agent container images",
            "docker_config": [],
            "effective_labels": {
              "app": "socrateai-agora"
            },
            "format": "DOCKER",
            "id": "projects/gen-lang-client-0625573011/locations/us-central1/repositories/agora",
            "kms_key_name": "",
            "labels": {
              "app": "socrateai-agora"
            },
            "location": "us-central1",
            "maven_config": [],
            "mode": "STANDARD_REPOSITORY",
            "name": "agora",
            "project": "gen-lang-client-0625573011",
            "remote_repository_config": [],
            "repository_id": "agora",
            "terraform_labels": {
              "app": "socrateai-agora"
            },
            "timeouts": null,
            "update_time": "2026-06-08T18:57:00.913285Z",
            "virtual_repository_config": []
          },
          "sensitive_attributes": [],
          "identity_schema_version": 0,
          "private": "eyJlMmJmYjczMC1lY2FhLTExZTYtOGY4OC0zNDM2M2JjN2M0YzAiOnsiY3JlYXRlIjoxMjAwMDAwMDAwMDAwLCJkZWxldGUiOjEyMDAwMDAwMDAwMDAsInVwZGF0ZSI6MTIwMDAwMDAwMDAwMH19"
        }
      ]
    },
    {
      "module": "module.gpu_serving",
      "mode": "managed",
      "type": "google_vertex_ai_endpoint",
      "name": "deepseek_prover",
      "provider": "provider[\"registry.terraform.io/hashicorp/google\"].gpu_region",
      "instances": [
        {
          "schema_version": 0,
          "attributes": {
            "create_time": "2026-06-03T17:19:19.566130Z",
            "deployed_models": [],
            "description": "",
            "display_name": "DeepSeek-Prover-V1.5-RL (Mathematical Verification)",
            "effective_labels": {
              "app": "socrateai-agora",
              "patent": "us-pat-pend-2026-0525",
              "role": "lean4-prover"
            },
            "encryption_spec": [],
            "etag": null,
            "id": "projects/gen-lang-client-0625573011/locations/us-central1/endpoints/deepseek-prover-v1-5-rl-v4",
            "labels": {
              "app": "socrateai-agora",
              "patent": "us-pat-pend-2026-0525",
              "role": "lean4-prover"
            },
            "location": "us-central1",
            "model_deployment_monitoring_job": "",
            "name": "deepseek-prover-v1-5-rl-v4",
            "network": "",
            "project": "gen-lang-client-0625573011",
            "region": null,
            "terraform_labels": {
              "app": "socrateai-agora",
              "patent": "us-pat-pend-2026-0525",
              "role": "lean4-prover"
            },
            "timeouts": null,
            "update_time": "2026-06-03T17:19:21.246330Z"
          },
          "sensitive_attributes": [],
          "identity_schema_version": 0,
          "private": "eyJlMmJmYjczMC1lY2FhLTExZTYtOGY4OC0zNDM2M2JjN2M0YzAiOnsiY3JlYXRlIjoxMjAwMDAwMDAwMDAwLCJkZWxldGUiOjEyMDAwMDAwMDAwMDAsInVwZGF0ZSI6MTIwMDAwMDAwMDAwMH19"
        }
      ]
    },
    {
      "module": "module.networking",
      "mode": "managed",
      "type": "google_cloud_run_v2_service_iam_binding",
      "name": "fleet_invoker",
      "provider": "provider[\"registry.terraform.io/hashicorp/google\"]",
      "instances": [
        {
          "index_key": "alexandrie-vault",
          "schema_version": 0,
          "attributes": {
            "condition": [],
            "etag": "BwZTwedBZcc=",
            "id": "projects/gen-lang-client-0625573011/locations/us-central1/services/alexandrie-vault/roles/run.invoker",
            "location": "us-central1",
            "members": [
              "serviceAccount:socrateai-agora@gen-lang-client-0625573011.iam.gserviceaccount.com"
            ],
            "name": "projects/gen-lang-client-0625573011/locations/us-central1/services/alexandrie-vault",
            "project": "gen-lang-client-0625573011",
            "role": "roles/run.invoker"
          },
          "sensitive_attributes": [],
          "identity_schema_version": 0,
          "private": "bnVsbA==",
          "dependencies": [
            "google_service_account.agora",
            "module.agent_fleet.google_cloud_run_v2_service.fleet_agents",
            "module.agent_fleet.google_cloud_run_v2_service_iam_binding.fleet_invoker",
            "module.alexandrie_service.google_cloud_run_v2_service.agent",
            "module.alexandrie_service.google_cloud_run_v2_service_iam_binding.agent_invoker",
            "module.socrates_service.google_cloud_run_v2_service.agent",
            "module.socrates_service.google_cloud_run_v2_service_iam_binding.agent_invoker"
          ]
        },
        {
          "index_key": "euler-agent",
          "schema_version": 0,
          "attributes": {
            "condition": [],
            "etag": "BwZTW/BCMXU=",
            "id": "projects/gen-lang-client-0625573011/locations/us-central1/services/euler-agent/roles/run.invoker",
            "location": "us-central1",
            "members": [],
            "name": "projects/gen-lang-client-0625573011/locations/us-central1/services/euler-agent",
            "project": "gen-lang-client-0625573011",
            "role": "roles/run.invoker"
          },
          "sensitive_attributes": [],
          "identity_schema_version": 0,
          "private": "bnVsbA==",
          "dependencies": [
            "google_service_account.agora",
            "module.agent_fleet.google_cloud_run_v2_service.fleet_agents",
            "module.agent_fleet.google_cloud_run_v2_service_iam_binding.fleet_invoker",
            "module.alexandrie_service.google_cloud_run_v2_service.agent",
            "module.alexandrie_service.google_cloud_run_v2_service_iam_binding.agent_invoker",
            "module.socrates_service.google_cloud_run_v2_service.agent",
            "module.socrates_service.google_cloud_run_v2_service_iam_binding.agent_invoker"
          ]
        },
        {
          "index_key": "galileo-agent",
          "schema_version": 0,
          "attributes": {
            "condition": [],
            "etag": "BwZTW/BBDhg=",
            "id": "projects/gen-lang-client-0625573011/locations/us-central1/services/galileo-agent/roles/run.invoker",
            "location": "us-central1",
            "members": [],
            "name": "projects/gen-lang-client-0625573011/locations/us-central1/services/galileo-agent",
            "project": "gen-lang-client-0625573011",
            "role": "roles/run.invoker"
          },
          "sensitive_attributes": [],
          "identity_schema_version": 0,
          "private": "bnVsbA==",
          "dependencies": [
            "google_service_account.agora",
            "module.agent_fleet.google_cloud_run_v2_service.fleet_agents",
            "module.agent_fleet.google_cloud_run_v2_service_iam_binding.fleet_invoker",
            "module.alexandrie_service.google_cloud_run_v2_service.agent",
            "module.alexandrie_service.google_cloud_run_v2_service_iam_binding.agent_invoker",
            "module.socrates_service.google_cloud_run_v2_service.agent",
            "module.socrates_service.google_cloud_run_v2_service_iam_binding.agent_invoker"
          ]
        },
        {
          "index_key": "galois-agent",
          "schema_version": 0,
          "attributes": {
            "condition": [],
            "etag": "BwZTW/A6gZU=",
            "id": "projects/gen-lang-client-0625573011/locations/us-central1/services/galois-agent/roles/run.invoker",
            "location": "us-central1",
            "members": [],
            "name": "projects/gen-lang-client-0625573011/locations/us-central1/services/galois-agent",
            "project": "gen-lang-client-0625573011",
            "role": "roles/run.invoker"
          },
          "sensitive_attributes": [],
          "identity_schema_version": 0,
          "private": "bnVsbA==",
          "dependencies": [
            "google_service_account.agora",
            "module.agent_fleet.google_cloud_run_v2_service.fleet_agents",
            "module.agent_fleet.google_cloud_run_v2_service_iam_binding.fleet_invoker",
            "module.alexandrie_service.google_cloud_run_v2_service.agent",
            "module.alexandrie_service.google_cloud_run_v2_service_iam_binding.agent_invoker",
            "module.socrates_service.google_cloud_run_v2_service.agent",
            "module.socrates_service.google_cloud_run_v2_service_iam_binding.agent_invoker"
          ]
        },
        {
          "index_key": "heraclite-agent",
          "schema_version": 0,
          "attributes": {
            "condition": [],
            "etag": "BwZTW/A9zTU=",
            "id": "projects/gen-lang-client-0625573011/locations/us-central1/services/heraclite-agent/roles/run.invoker",
            "location": "us-central1",
            "members": [],
            "name": "projects/gen-lang-client-0625573011/locations/us-central1/services/heraclite-agent",
            "project": "gen-lang-client-0625573011",
            "role": "roles/run.invoker"
          },
          "sensitive_attributes": [],
          "identity_schema_version": 0,
          "private": "bnVsbA==",
          "dependencies": [
            "google_service_account.agora",
            "module.agent_fleet.google_cloud_run_v2_service.fleet_agents",
            "module.agent_fleet.google_cloud_run_v2_service_iam_binding.fleet_invoker",
            "module.alexandrie_service.google_cloud_run_v2_service.agent",
            "module.alexandrie_service.google_cloud_run_v2_service_iam_binding.agent_invoker",
            "module.socrates_service.google_cloud_run_v2_service.agent",
            "module.socrates_service.google_cloud_run_v2_service_iam_binding.agent_invoker"
          ]
        },
        {
          "index_key": "hypatie-agent",
          "schema_version": 0,
          "attributes": {
            "condition": [],
            "etag": "BwZTW/A9TaQ=",
            "id": "projects/gen-lang-client-0625573011/locations/us-central1/services/hypatie-agent/roles/run.invoker",
            "location": "us-central1",
            "members": [],
            "name": "projects/gen-lang-client-0625573011/locations/us-central1/services/hypatie-agent",
            "project": "gen-lang-client-0625573011",
            "role": "roles/run.invoker"
          },
          "sensitive_attributes": [],
          "identity_schema_version": 0,
          "private": "bnVsbA==",
          "dependencies": [
            "google_service_account.agora",
            "module.agent_fleet.google_cloud_run_v2_service.fleet_agents",
            "module.agent_fleet.google_cloud_run_v2_service_iam_binding.fleet_invoker",
            "module.alexandrie_service.google_cloud_run_v2_service.agent",
            "module.alexandrie_service.google_cloud_run_v2_service_iam_binding.agent_invoker",
            "module.socrates_service.google_cloud_run_v2_service.agent",
            "module.socrates_service.google_cloud_run_v2_service_iam_binding.agent_invoker"
          ]
        },
        {
          "index_key": "pythagore-agent",
          "schema_version": 0,
          "attributes": {
            "condition": [],
            "etag": "BwZTW/A9aHk=",
            "id": "projects/gen-lang-client-0625573011/locations/us-central1/services/pythagore-agent/roles/run.invoker",
            "location": "us-central1",
            "members": [],
            "name": "projects/gen-lang-client-0625573011/locations/us-central1/services/pythagore-agent",
            "project": "gen-lang-client-0625573011",
            "role": "roles/run.invoker"
          },
          "sensitive_attributes": [],
          "identity_schema_version": 0,
          "private": "bnVsbA==",
          "dependencies": [
            "google_service_account.agora",
            "module.agent_fleet.google_cloud_run_v2_service.fleet_agents",
            "module.agent_fleet.google_cloud_run_v2_service_iam_binding.fleet_invoker",
            "module.alexandrie_service.google_cloud_run_v2_service.agent",
            "module.alexandrie_service.google_cloud_run_v2_service_iam_binding.agent_invoker",
            "module.socrates_service.google_cloud_run_v2_service.agent",
            "module.socrates_service.google_cloud_run_v2_service_iam_binding.agent_invoker"
          ]
        },
        {
          "index_key": "turing-agent",
          "schema_version": 0,
          "attributes": {
            "condition": [],
            "etag": "BwZTW/A6Wtk=",
            "id": "projects/gen-lang-client-0625573011/locations/us-central1/services/turing-agent/roles/run.invoker",
            "location": "us-central1",
            "members": [],
            "name": "projects/gen-lang-client-0625573011/locations/us-central1/services/turing-agent",
            "project": "gen-lang-client-0625573011",
            "role": "roles/run.invoker"
          },
          "sensitive_attributes": [],
          "identity_schema_version": 0,
          "private": "bnVsbA==",
          "dependencies": [
            "google_service_account.agora",
            "module.agent_fleet.google_cloud_run_v2_service.fleet_agents",
            "module.agent_fleet.google_cloud_run_v2_service_iam_binding.fleet_invoker",
            "module.alexandrie_service.google_cloud_run_v2_service.agent",
            "module.alexandrie_service.google_cloud_run_v2_service_iam_binding.agent_invoker",
            "module.socrates_service.google_cloud_run_v2_service.agent",
            "module.socrates_service.google_cloud_run_v2_service_iam_binding.agent_invoker"
          ]
        }
      ]
    },
    {
      "module": "module.sentinel_service",
      "mode": "managed",
      "type": "google_cloud_run_v2_service",
      "name": "agent",
      "provider": "provider[\"registry.terraform.io/hashicorp/google\"]",
      "instances": [
        {
          "status": "tainted",
          "schema_version": 0,
          "attributes": {
            "annotations": null,
            "binary_authorization": [],
            "client": null,
            "client_version": null,
            "conditions": null,
            "create_time": null,
            "creator": null,
            "custom_audiences": null,
            "delete_time": null,
            "description": null,
            "effective_annotations": null,
            "effective_labels": {
              "agent": "sentinel-pipeline",
              "app": "socrateai-agora",
              "patent": "us-pat-pend-2026-0525"
            },
            "etag": null,
            "expire_time": null,
            "generation": null,
            "id": "projects/gen-lang-client-0625573011/locations/us-central1/services/sentinel-pipeline",
            "ingress": "INGRESS_TRAFFIC_ALL",
            "labels": {
              "agent": "sentinel-pipeline",
              "app": "socrateai-agora",
              "patent": "us-pat-pend-2026-0525"
            },
            "last_modifier": null,
            "latest_created_revision": null,
            "latest_ready_revision": null,
            "launch_stage": null,
            "location": "us-central1",
            "name": "sentinel-pipeline",
            "observed_generation": null,
            "project": "gen-lang-client-0625573011",
            "reconciling": null,
            "template": [
              {
                "annotations": null,
                "containers": [
                  {
                    "args": [
                      "uvicorn",
                      "alexandrie.server:app",
                      "--host",
                      "0.0.0.0",
                      "--port",
                      "8080"
                    ],
                    "command": null,
                    "depends_on": null,
                    "env": [
                      {
                        "name": "ALEXANDRIE_URL",
                        "value": "https://alexandrie-vault-cfhmhmvv5a-uc.a.run.app",
                        "value_source": []
                      },
                      {
                        "name": "BUDGET_LIMIT",
                        "value": "100",
                        "value_source": []
                      },
                      {
                        "name": "FIRESTORE_ENABLED",
                        "value": "1",
                        "value_source": []
                      },
                      {
                        "name": "LEAN_COMPILER_ENDPOINT",
                        "value": "https://lean-compiler-gen-lang-client-0625573011.us-central1.run.app/compile",
                        "value_source": []
                      },
                      {
                        "name": "OIDC_ENABLED",
                        "value": "1",
                        "value_source": []
                      },
                      {
                        "name": "PROJECT_BUDGET",
                        "value": "500",
                        "value_source": []
                      },
                      {
                        "name": "SENTINEL_MODE",
                        "value": "api",
                        "value_source": []
                      },
                      {
                        "name": "Z3_PATH",
                        "value": "/usr/bin/z3",
                        "value_source": []
                      },
                      {
                        "name": "AGENT_URL",
                        "value": "https://sentinel-pipeline-gen-lang-client-0625573011.us-central1.run.app",
                        "value_source": []
                      }
                    ],
                    "image": "us-central1-docker.pkg.dev/gen-lang-client-0625573011/agora/sentinel:latest",
                    "liveness_probe": [
                      {
                        "failure_threshold": 3,
                        "grpc": [],
                        "http_get": [
                          {
                            "http_headers": [],
                            "path": "/health",
                            "port": 0
                          }
                        ],
                        "initial_delay_seconds": 0,
                        "period_seconds": 30,
                        "tcp_socket": [],
                        "timeout_seconds": 1
                      }
                    ],
                    "name": "",
                    "ports": [
                      {
                        "container_port": 8080,
                        "name": ""
                      }
                    ],
                    "resources": [
                      {
                        "cpu_idle": true,
                        "limits": {
                          "cpu": "4",
                          "memory": "8Gi"
                        },
                        "startup_cpu_boost": false
                      }
                    ],
                    "startup_probe": [
                      {
                        "failure_threshold": 3,
                        "grpc": [],
                        "http_get": [
                          {
                            "http_headers": [],
                            "path": "/health",
                            "port": 0
                          }
                        ],
                        "initial_delay_seconds": 5,
                        "period_seconds": 10,
                        "tcp_socket": [],
                        "timeout_seconds": 1
                      }
                    ],
                    "volume_mounts": [],
                    "working_dir": ""
                  }
                ],
                "encryption_key": "",
                "execution_environment": "",
                "labels": null,
                "max_instance_request_concurrency": 0,
                "revision": "",
                "scaling": [
                  {
                    "max_instance_count": 5,
                    "min_instance_count": 0
                  }
                ],
                "service_account": "socrateai-agora@gen-lang-client-0625573011.iam.gserviceaccount.com",
                "session_affinity": false,
                "timeout": "3600s",
                "volumes": [],
                "vpc_access": []
              }
            ],
            "terminal_condition": null,
            "terraform_labels": {
              "agent": "sentinel-pipeline",
              "app": "socrateai-agora",
              "patent": "us-pat-pend-2026-0525"
            },
            "timeouts": null,
            "traffic": [
              {
                "percent": 100,
                "revision": "",
                "tag": "",
                "type": "TRAFFIC_TARGET_ALLOCATION_TYPE_LATEST"
              }
            ],
            "traffic_statuses": null,
            "uid": null,
            "update_time": null,
            "uri": null
          },
          "sensitive_attributes": [],
          "identity_schema_version": 0,
          "private": "eyJlMmJmYjczMC1lY2FhLTExZTYtOGY4OC0zNDM2M2JjN2M0YzAiOnsiY3JlYXRlIjoxMjAwMDAwMDAwMDAwLCJkZWxldGUiOjEyMDAwMDAwMDAwMDAsInVwZGF0ZSI6MTIwMDAwMDAwMDAwMH19",
          "dependencies": [
            "google_service_account.agora",
            "module.alexandrie_service.google_cloud_run_v2_service.agent",
            "module.alexandrie_service.google_cloud_run_v2_service_iam_binding.agent_invoker"
          ]
        }
      ]
    },
    {
      "module": "module.socrates_service",
      "mode": "managed",
      "type": "google_cloud_run_v2_service",
      "name": "agent",
      "provider": "provider[\"registry.terraform.io/hashicorp/google\"]",
      "instances": [
        {
          "status": "tainted",
          "schema_version": 0,
          "attributes": {
            "annotations": null,
            "binary_authorization": [],
            "client": null,
            "client_version": null,
            "conditions": null,
            "create_time": null,
            "creator": null,
            "custom_audiences": null,
            "delete_time": null,
            "description": null,
            "effective_annotations": null,
            "effective_labels": {
              "agent": "socrates-agent",
              "app": "socrateai-agora",
              "patent": "us-pat-pend-2026-0525"
            },
            "etag": null,
            "expire_time": null,
            "generation": null,
            "id": "projects/gen-lang-client-0625573011/locations/us-central1/services/socrates-agent",
            "ingress": "INGRESS_TRAFFIC_ALL",
            "labels": {
              "agent": "socrates-agent",
              "app": "socrateai-agora",
              "patent": "us-pat-pend-2026-0525"
            },
            "last_modifier": null,
            "latest_created_revision": null,
            "latest_ready_revision": null,
            "launch_stage": null,
            "location": "us-central1",
            "name": "socrates-agent",
            "observed_generation": null,
            "project": "gen-lang-client-0625573011",
            "reconciling": null,
            "template": [
              {
                "annotations": null,
                "containers": [
                  {
                    "args": [
                      "agents.socrates.server"
                    ],
                    "command": null,
                    "depends_on": null,
                    "env": [
                      {
                        "name": "AGENT_NAME",
                        "value": "socrates",
                        "value_source": []
                      },
                      {
                        "name": "BUDGET_LIMIT",
                        "value": "100",
                        "value_source": []
                      },
                      {
                        "name": "FIRESTORE_ENABLED",
                        "value": "1",
                        "value_source": []
                      },
                      {
                        "name": "OIDC_ENABLED",
                        "value": "1",
                        "value_source": []
                      },
                      {
                        "name": "PROJECT_BUDGET",
                        "value": "500",
                        "value_source": []
                      },
                      {
                        "name": "AGENT_URL",
                        "value": "https://socrates-agent-gen-lang-client-0625573011.us-central1.run.app",
                        "value_source": []
                      }
                    ],
                    "image": "us-central1-docker.pkg.dev/gen-lang-client-0625573011/agora/socrates:latest",
                    "liveness_probe": [
                      {
                        "failure_threshold": 3,
                        "grpc": [],
                        "http_get": [
                          {
                            "http_headers": [],
                            "path": "/health",
                            "port": 0
                          }
                        ],
                        "initial_delay_seconds": 0,
                        "period_seconds": 30,
                        "tcp_socket": [],
                        "timeout_seconds": 1
                      }
                    ],
                    "name": "",
                    "ports": [
                      {
                        "container_port": 8080,
                        "name": ""
                      }
                    ],
                    "resources": [
                      {
                        "cpu_idle": true,
                        "limits": {
                          "cpu": "2",
                          "memory": "4Gi"
                        },
                        "startup_cpu_boost": false
                      }
                    ],
                    "startup_probe": [
                      {
                        "failure_threshold": 3,
                        "grpc": [],
                        "http_get": [
                          {
                            "http_headers": [],
                            "path": "/health",
                            "port": 0
                          }
                        ],
                        "initial_delay_seconds": 5,
                        "period_seconds": 10,
                        "tcp_socket": [],
                        "timeout_seconds": 1
                      }
                    ],
                    "volume_mounts": [],
                    "working_dir": ""
                  }
                ],
                "encryption_key": "",
                "execution_environment": "",
                "labels": null,
                "max_instance_request_concurrency": 0,
                "revision": "",
                "scaling": [
                  {
                    "max_instance_count": 2,
                    "min_instance_count": 0
                  }
                ],
                "service_account": "socrateai-agora@gen-lang-client-0625573011.iam.gserviceaccount.com",
                "session_affinity": false,
                "timeout": "3600s",
                "volumes": [],
                "vpc_access": []
              }
            ],
            "terminal_condition": null,
            "terraform_labels": {
              "agent": "socrates-agent",
              "app": "socrateai-agora",
              "patent": "us-pat-pend-2026-0525"
            },
            "timeouts": null,
            "traffic": [
              {
                "percent": 100,
                "revision": "",
                "tag": "",
                "type": "TRAFFIC_TARGET_ALLOCATION_TYPE_LATEST"
              }
            ],
            "traffic_statuses": null,
            "uid": null,
            "update_time": null,
            "uri": null
          },
          "sensitive_attributes": [],
          "identity_schema_version": 0,
          "private": "eyJlMmJmYjczMC1lY2FhLTExZTYtOGY4OC0zNDM2M2JjN2M0YzAiOnsiY3JlYXRlIjoxMjAwMDAwMDAwMDAwLCJkZWxldGUiOjEyMDAwMDAwMDAwMDAsInVwZGF0ZSI6MTIwMDAwMDAwMDAwMH19",
          "dependencies": [
            "google_service_account.agora"
          ]
        }
      ]
    },
    {
      "module": "module.socrates_service",
      "mode": "managed",
      "type": "google_cloud_run_v2_service_iam_binding",
      "name": "agent_invoker",
      "provider": "provider[\"registry.terraform.io/hashicorp/google\"]",
      "instances": [
        {
          "schema_version": 0,
          "attributes": {
            "condition": [],
            "etag": "BwZTW/BCBps=",
            "id": "projects/gen-lang-client-0625573011/locations/us-central1/services/socrates-agent/roles/run.invoker",
            "location": "us-central1",
            "members": [],
            "name": "projects/gen-lang-client-0625573011/locations/us-central1/services/socrates-agent",
            "project": "gen-lang-client-0625573011",
            "role": "roles/run.invoker"
          },
          "sensitive_attributes": [],
          "identity_schema_version": 0,
          "private": "bnVsbA==",
          "dependencies": [
            "google_service_account.agora",
            "module.socrates_service.google_cloud_run_v2_service.agent"
          ]
        }
      ]
    }
  ],
  "check_results": [
    {
      "object_kind": "var",
      "config_addr": "var.budget_limit",
      "status": "pass",
      "objects": [
        {
          "object_addr": "var.budget_limit",
          "status": "pass"
        }
      ]
    },
    {
      "object_kind": "var",
      "config_addr": "module.sentinel_service.var.min_replicas",
      "status": "pass",
      "objects": [
        {
          "object_addr": "module.sentinel_service.var.min_replicas",
          "status": "pass"
        }
      ]
    },
    {
      "object_kind": "var",
      "config_addr": "module.galileo_service.var.min_replicas",
      "status": "pass",
      "objects": [
        {
          "object_addr": "module.galileo_service.var.min_replicas",
          "status": "pass"
        }
      ]
    },
    {
      "object_kind": "var",
      "config_addr": "module.alexandrie_service.var.min_replicas",
      "status": "pass",
      "objects": [
        {
          "object_addr": "module.alexandrie_service.var.min_replicas",
          "status": "pass"
        }
      ]
    },
    {
      "object_kind": "var",
      "config_addr": "module.socrates_service.var.min_replicas",
      "status": "pass",
      "objects": [
        {
          "object_addr": "module.socrates_service.var.min_replicas",
          "status": "pass"
        }
      ]
    },
    {
      "object_kind": "var",
      "config_addr": "var.project_budget",
      "status": "pass",
      "objects": [
        {
          "object_addr": "var.project_budget",
          "status": "pass"
        }
      ]
    }
  ]
}
